
Microsoft Visual Studio Solution File, Format Version 12.00
# Visual Studio 15
VisualStudioVersion = 15.0.26228.9
MinimumVisualStudioVersion = 10.0.40219.1
Project("{2150E333-8FDC-42A3-9474-1A3956D46DE8}") = "demos", "demos", "{DD39D4D9-52B4-47A7-86BF-ECB8D136D767}"
EndProject
Project("{2150E333-8FDC-42A3-9474-1A3956D46DE8}") = "templates", "templates", "{593C5B50-52E6-436D-9BF2-93E220984E45}"
EndProject
Project("{2150E333-8FDC-42A3-9474-1A3956D46DE8}") = "dep", "dep", "{C16F05EE-1871-41EC-BB3A-DC834EF47533}"
EndProject
Project("{2150E333-8FDC-42A3-9474-1A3956D46DE8}") = "test", "test", "{1F08C70D-0D16-48E8-B4E7-4726BE7D4518}"
EndProject
Project("{2150E333-8FDC-42A3-9474-1A3956D46DE8}") = "doc", "doc", "{50EF0486-DF11-4AEA-B01C-22D8F5981BF8}"
EndProject
Project("{9A19103F-16F7-4668-BE54-9A1E7A4F7556}") = "DefaultTemplate", "templates\DefaultTemplate\DefaultTemplate.csproj", "{FA0F3248-758F-470E-8892-A295398EA30E}"
EndProject
Project("{9A19103F-16F7-4668-BE54-9A1E7A4F7556}") = "TextRenderingTest", "test\TextRenderingTest\TextRenderingTest.csproj", "{230D274D-4101-479D-BBB4-1DEA70353FBD}"
EndProject
Project("{9A19103F-16F7-4668-BE54-9A1E7A4F7556}") = "ImGuiDemo", "demos\ImGuiDemo\ImGuiDemo.csproj", "{4EBD44C0-885B-4876-9E7D-72E8DB39DBF5}"
EndProject
Project("{9A19103F-16F7-4668-BE54-9A1E7A4F7556}") = "Calculator", "demos\Calculator\Calculator.csproj", "{5A9E507B-9090-4B3A-9EFC-53EBE7EC3E3D}"
EndProject
Project("{9A19103F-16F7-4668-BE54-9A1E7A4F7556}") = "EmptyTemplate", "templates\EmptyTemplate\EmptyTemplate.csproj", "{7FC6CF46-173F-4F95-A121-19C557A0AFA6}"
EndProject
Project("{FAE04EC0-301F-11D3-BF4B-00C04F79EFBC}") = "AndroidTemplate", "templates\AndroidTemplate\AndroidTemplate.csproj", "{54AB1491-BBE4-4A63-9B6A-EC70B0CC119A}"
EndProject
Project("{2150E333-8FDC-42A3-9474-1A3956D46DE8}") = "src", "src", "{5F2276E6-BDAC-489C-A620-7C14D78B4BEB}"
EndProject
Project("{D954291E-2A0B-460D-934E-DC6B0785DB48}") = "ImGui", "src\ImGui\ImGui.shproj", "{C5FAE04D-B79D-4999-BB5B-80C6EA593A05}"
EndProject
Project("{2150E333-8FDC-42A3-9474-1A3956D46DE8}") = "build", "build", "{3E74C0FE-424E-47E2-9C74-EBC2C9D5C827}"
EndProject
Project("{2150E333-8FDC-42A3-9474-1A3956D46DE8}") = "desktop", "desktop", "{B61C3AF5-6C5F-41B5-8FAD-2183024BEF74}"
EndProject
Project("{2150E333-8FDC-42A3-9474-1A3956D46DE8}") = "mobile", "mobile", "{5688B831-79EC-45A7-AC44-63354AD40B6F}"
EndProject
Project("{9A19103F-16F7-4668-BE54-9A1E7A4F7556}") = "ImGui", "build\desktop\ImGui.csproj", "{D4351D2E-7B58-41D7-851C-01EA8E2725AD}"
EndProject
Project("{FAE04EC0-301F-11D3-BF4B-00C04F79EFBC}") = "ImGui", "build\mobile\ImGui.csproj", "{1DCE634D-19A8-4D86-86A1-C95EC0C44505}"
EndProject
Project("{9A19103F-16F7-4668-BE54-9A1E7A4F7556}") = "Cairo", "..\CairoSharp\Cairo\Cairo.csproj", "{401F7675-F982-4650-B59F-A91A3AFC4FFC}"
EndProject
Project("{9A19103F-16F7-4668-BE54-9A1E7A4F7556}") = "LayoutTest", "test\LayoutTest\LayoutTest.csproj", "{8F10F86C-F924-48BA-9E54-54073C1616CB}"
EndProject
Project("{9A19103F-16F7-4668-BE54-9A1E7A4F7556}") = "PrimitiveRenderingTest", "test\PrimitiveRenderingTest\PrimitiveRenderingTest.csproj", "{2A8640A5-5E91-4DEC-9BFD-840F78A663FB}"
EndProject
Project("{9A19103F-16F7-4668-BE54-9A1E7A4F7556}") = "CalculatorL", "demos\CalculatorL\CalculatorL.csproj", "{22581B22-2605-4FA4-AAE3-F2ACBF42C251}"
EndProject
Global
	GlobalSection(SharedMSBuildProjectFiles) = preSolution
		src\ImGui\ImGui.projitems*{1dce634d-19a8-4d86-86a1-c95ec0c44505}*SharedItemsImports = 4
		src\ImGui\ImGui.projitems*{c5fae04d-b79d-4999-bb5b-80c6ea593a05}*SharedItemsImports = 13
	EndGlobalSection
	GlobalSection(SolutionConfigurationPlatforms) = preSolution
		Debug|Any CPU = Debug|Any CPU
		Debug|x64 = Debug|x64
		Debug|x86 = Debug|x86
		Release|Any CPU = Release|Any CPU
		Release|x64 = Release|x64
		Release|x86 = Release|x86
	EndGlobalSection
	GlobalSection(ProjectConfigurationPlatforms) = postSolution
		{FA0F3248-758F-470E-8892-A295398EA30E}.Debug|Any CPU.ActiveCfg = Debug|Any CPU
		{FA0F3248-758F-470E-8892-A295398EA30E}.Debug|Any CPU.Build.0 = Debug|Any CPU
		{FA0F3248-758F-470E-8892-A295398EA30E}.Debug|x64.ActiveCfg = Debug|Any CPU
		{FA0F3248-758F-470E-8892-A295398EA30E}.Debug|x64.Build.0 = Debug|Any CPU
		{FA0F3248-758F-470E-8892-A295398EA30E}.Debug|x86.ActiveCfg = Debug|Any CPU
		{FA0F3248-758F-470E-8892-A295398EA30E}.Debug|x86.Build.0 = Debug|Any CPU
		{FA0F3248-758F-470E-8892-A295398EA30E}.Release|Any CPU.ActiveCfg = Release|Any CPU
		{FA0F3248-758F-470E-8892-A295398EA30E}.Release|Any CPU.Build.0 = Release|Any CPU
		{FA0F3248-758F-470E-8892-A295398EA30E}.Release|x64.ActiveCfg = Release|Any CPU
		{FA0F3248-758F-470E-8892-A295398EA30E}.Release|x64.Build.0 = Release|Any CPU
		{FA0F3248-758F-470E-8892-A295398EA30E}.Release|x86.ActiveCfg = Release|Any CPU
		{FA0F3248-758F-470E-8892-A295398EA30E}.Release|x86.Build.0 = Release|Any CPU
		{230D274D-4101-479D-BBB4-1DEA70353FBD}.Debug|Any CPU.ActiveCfg = Debug|Any CPU
		{230D274D-4101-479D-BBB4-1DEA70353FBD}.Debug|Any CPU.Build.0 = Debug|Any CPU
		{230D274D-4101-479D-BBB4-1DEA70353FBD}.Debug|x64.ActiveCfg = Debug|Any CPU
		{230D274D-4101-479D-BBB4-1DEA70353FBD}.Debug|x64.Build.0 = Debug|Any CPU
		{230D274D-4101-479D-BBB4-1DEA70353FBD}.Debug|x86.ActiveCfg = Debug|Any CPU
		{230D274D-4101-479D-BBB4-1DEA70353FBD}.Debug|x86.Build.0 = Debug|Any CPU
		{230D274D-4101-479D-BBB4-1DEA70353FBD}.Release|Any CPU.ActiveCfg = Release|Any CPU
		{230D274D-4101-479D-BBB4-1DEA70353FBD}.Release|Any CPU.Build.0 = Release|Any CPU
		{230D274D-4101-479D-BBB4-1DEA70353FBD}.Release|x64.ActiveCfg = Release|Any CPU
		{230D274D-4101-479D-BBB4-1DEA70353FBD}.Release|x64.Build.0 = Release|Any CPU
		{230D274D-4101-479D-BBB4-1DEA70353FBD}.Release|x86.ActiveCfg = Release|Any CPU
		{230D274D-4101-479D-BBB4-1DEA70353FBD}.Release|x86.Build.0 = Release|Any CPU
		{4EBD44C0-885B-4876-9E7D-72E8DB39DBF5}.Debug|Any CPU.ActiveCfg = Debug|Any CPU
		{4EBD44C0-885B-4876-9E7D-72E8DB39DBF5}.Debug|Any CPU.Build.0 = Debug|Any CPU
		{4EBD44C0-885B-4876-9E7D-72E8DB39DBF5}.Debug|x64.ActiveCfg = Debug|Any CPU
		{4EBD44C0-885B-4876-9E7D-72E8DB39DBF5}.Debug|x64.Build.0 = Debug|Any CPU
		{4EBD44C0-885B-4876-9E7D-72E8DB39DBF5}.Debug|x86.ActiveCfg = Debug|Any CPU
		{4EBD44C0-885B-4876-9E7D-72E8DB39DBF5}.Debug|x86.Build.0 = Debug|Any CPU
		{4EBD44C0-885B-4876-9E7D-72E8DB39DBF5}.Release|Any CPU.ActiveCfg = Release|Any CPU
		{4EBD44C0-885B-4876-9E7D-72E8DB39DBF5}.Release|Any CPU.Build.0 = Release|Any CPU
		{4EBD44C0-885B-4876-9E7D-72E8DB39DBF5}.Release|x64.ActiveCfg = Release|Any CPU
		{4EBD44C0-885B-4876-9E7D-72E8DB39DBF5}.Release|x64.Build.0 = Release|Any CPU
		{4EBD44C0-885B-4876-9E7D-72E8DB39DBF5}.Release|x86.ActiveCfg = Release|Any CPU
		{4EBD44C0-885B-4876-9E7D-72E8DB39DBF5}.Release|x86.Build.0 = Release|Any CPU
		{5A9E507B-9090-4B3A-9EFC-53EBE7EC3E3D}.Debug|Any CPU.ActiveCfg = Debug|Any CPU
		{5A9E507B-9090-4B3A-9EFC-53EBE7EC3E3D}.Debug|Any CPU.Build.0 = Debug|Any CPU
		{5A9E507B-9090-4B3A-9EFC-53EBE7EC3E3D}.Debug|x64.ActiveCfg = Debug|Any CPU
		{5A9E507B-9090-4B3A-9EFC-53EBE7EC3E3D}.Debug|x64.Build.0 = Debug|Any CPU
		{5A9E507B-9090-4B3A-9EFC-53EBE7EC3E3D}.Debug|x86.ActiveCfg = Debug|Any CPU
		{5A9E507B-9090-4B3A-9EFC-53EBE7EC3E3D}.Debug|x86.Build.0 = Debug|Any CPU
		{5A9E507B-9090-4B3A-9EFC-53EBE7EC3E3D}.Release|Any CPU.ActiveCfg = Release|Any CPU
		{5A9E507B-9090-4B3A-9EFC-53EBE7EC3E3D}.Release|Any CPU.Build.0 = Release|Any CPU
		{5A9E507B-9090-4B3A-9EFC-53EBE7EC3E3D}.Release|x64.ActiveCfg = Release|Any CPU
		{5A9E507B-9090-4B3A-9EFC-53EBE7EC3E3D}.Release|x64.Build.0 = Release|Any CPU
		{5A9E507B-9090-4B3A-9EFC-53EBE7EC3E3D}.Release|x86.ActiveCfg = Release|Any CPU
		{5A9E507B-9090-4B3A-9EFC-53EBE7EC3E3D}.Release|x86.Build.0 = Release|Any CPU
		{7FC6CF46-173F-4F95-A121-19C557A0AFA6}.Debug|Any CPU.ActiveCfg = Debug|Any CPU
		{7FC6CF46-173F-4F95-A121-19C557A0AFA6}.Debug|Any CPU.Build.0 = Debug|Any CPU
		{7FC6CF46-173F-4F95-A121-19C557A0AFA6}.Debug|x64.ActiveCfg = Debug|Any CPU
		{7FC6CF46-173F-4F95-A121-19C557A0AFA6}.Debug|x64.Build.0 = Debug|Any CPU
		{7FC6CF46-173F-4F95-A121-19C557A0AFA6}.Debug|x86.ActiveCfg = Debug|Any CPU
		{7FC6CF46-173F-4F95-A121-19C557A0AFA6}.Debug|x86.Build.0 = Debug|Any CPU
		{7FC6CF46-173F-4F95-A121-19C557A0AFA6}.Release|Any CPU.ActiveCfg = Release|Any CPU
		{7FC6CF46-173F-4F95-A121-19C557A0AFA6}.Release|Any CPU.Build.0 = Release|Any CPU
		{7FC6CF46-173F-4F95-A121-19C557A0AFA6}.Release|x64.ActiveCfg = Release|Any CPU
		{7FC6CF46-173F-4F95-A121-19C557A0AFA6}.Release|x64.Build.0 = Release|Any CPU
		{7FC6CF46-173F-4F95-A121-19C557A0AFA6}.Release|x86.ActiveCfg = Release|Any CPU
		{7FC6CF46-173F-4F95-A121-19C557A0AFA6}.Release|x86.Build.0 = Release|Any CPU
		{54AB1491-BBE4-4A63-9B6A-EC70B0CC119A}.Debug|Any CPU.ActiveCfg = Debug|Any CPU
		{54AB1491-BBE4-4A63-9B6A-EC70B0CC119A}.Debug|Any CPU.Build.0 = Debug|Any CPU
		{54AB1491-BBE4-4A63-9B6A-EC70B0CC119A}.Debug|Any CPU.Deploy.0 = Debug|Any CPU
		{54AB1491-BBE4-4A63-9B6A-EC70B0CC119A}.Debug|x64.ActiveCfg = Debug|Any CPU
		{54AB1491-BBE4-4A63-9B6A-EC70B0CC119A}.Debug|x64.Build.0 = Debug|Any CPU
		{54AB1491-BBE4-4A63-9B6A-EC70B0CC119A}.Debug|x64.Deploy.0 = Debug|Any CPU
		{54AB1491-BBE4-4A63-9B6A-EC70B0CC119A}.Debug|x86.ActiveCfg = Debug|Any CPU
		{54AB1491-BBE4-4A63-9B6A-EC70B0CC119A}.Debug|x86.Build.0 = Debug|Any CPU
		{54AB1491-BBE4-4A63-9B6A-EC70B0CC119A}.Debug|x86.Deploy.0 = Debug|Any CPU
		{54AB1491-BBE4-4A63-9B6A-EC70B0CC119A}.Release|Any CPU.ActiveCfg = Release|Any CPU
		{54AB1491-BBE4-4A63-9B6A-EC70B0CC119A}.Release|Any CPU.Build.0 = Release|Any CPU
		{54AB1491-BBE4-4A63-9B6A-EC70B0CC119A}.Release|Any CPU.Deploy.0 = Release|Any CPU
		{54AB1491-BBE4-4A63-9B6A-EC70B0CC119A}.Release|x64.ActiveCfg = Release|Any CPU
		{54AB1491-BBE4-4A63-9B6A-EC70B0CC119A}.Release|x64.Build.0 = Release|Any CPU
		{54AB1491-BBE4-4A63-9B6A-EC70B0CC119A}.Release|x64.Deploy.0 = Release|Any CPU
		{54AB1491-BBE4-4A63-9B6A-EC70B0CC119A}.Release|x86.ActiveCfg = Release|Any CPU
		{54AB1491-BBE4-4A63-9B6A-EC70B0CC119A}.Release|x86.Build.0 = Release|Any CPU
		{54AB1491-BBE4-4A63-9B6A-EC70B0CC119A}.Release|x86.Deploy.0 = Release|Any CPU
		{D4351D2E-7B58-41D7-851C-01EA8E2725AD}.Debug|Any CPU.ActiveCfg = Debug|Any CPU
		{D4351D2E-7B58-41D7-851C-01EA8E2725AD}.Debug|Any CPU.Build.0 = Debug|Any CPU
		{D4351D2E-7B58-41D7-851C-01EA8E2725AD}.Debug|x64.ActiveCfg = Debug|Any CPU
		{D4351D2E-7B58-41D7-851C-01EA8E2725AD}.Debug|x64.Build.0 = Debug|Any CPU
		{D4351D2E-7B58-41D7-851C-01EA8E2725AD}.Debug|x86.ActiveCfg = Debug|Any CPU
		{D4351D2E-7B58-41D7-851C-01EA8E2725AD}.Debug|x86.Build.0 = Debug|Any CPU
		{D4351D2E-7B58-41D7-851C-01EA8E2725AD}.Release|Any CPU.ActiveCfg = Release|Any CPU
		{D4351D2E-7B58-41D7-851C-01EA8E2725AD}.Release|Any CPU.Build.0 = Release|Any CPU
		{D4351D2E-7B58-41D7-851C-01EA8E2725AD}.Release|x64.ActiveCfg = Release|Any CPU
		{D4351D2E-7B58-41D7-851C-01EA8E2725AD}.Release|x64.Build.0 = Release|Any CPU
		{D4351D2E-7B58-41D7-851C-01EA8E2725AD}.Release|x86.ActiveCfg = Release|Any CPU
		{D4351D2E-7B58-41D7-851C-01EA8E2725AD}.Release|x86.Build.0 = Release|Any CPU
		{1DCE634D-19A8-4D86-86A1-C95EC0C44505}.Debug|Any CPU.ActiveCfg = Debug|Any CPU
		{1DCE634D-19A8-4D86-86A1-C95EC0C44505}.Debug|Any CPU.Build.0 = Debug|Any CPU
		{1DCE634D-19A8-4D86-86A1-C95EC0C44505}.Debug|x64.ActiveCfg = Debug|Any CPU
		{1DCE634D-19A8-4D86-86A1-C95EC0C44505}.Debug|x64.Build.0 = Debug|Any CPU
		{1DCE634D-19A8-4D86-86A1-C95EC0C44505}.Debug|x86.ActiveCfg = Debug|Any CPU
		{1DCE634D-19A8-4D86-86A1-C95EC0C44505}.Debug|x86.Build.0 = Debug|Any CPU
		{1DCE634D-19A8-4D86-86A1-C95EC0C44505}.Release|Any CPU.ActiveCfg = Release|Any CPU
		{1DCE634D-19A8-4D86-86A1-C95EC0C44505}.Release|Any CPU.Build.0 = Release|Any CPU
		{1DCE634D-19A8-4D86-86A1-C95EC0C44505}.Release|x64.ActiveCfg = Release|Any CPU
		{1DCE634D-19A8-4D86-86A1-C95EC0C44505}.Release|x64.Build.0 = Release|Any CPU
		{1DCE634D-19A8-4D86-86A1-C95EC0C44505}.Release|x86.ActiveCfg = Release|Any CPU
		{1DCE634D-19A8-4D86-86A1-C95EC0C44505}.Release|x86.Build.0 = Release|Any CPU
		{401F7675-F982-4650-B59F-A91A3AFC4FFC}.Debug|Any CPU.ActiveCfg = Debug|Any CPU
		{401F7675-F982-4650-B59F-A91A3AFC4FFC}.Debug|Any CPU.Build.0 = Debug|Any CPU
		{401F7675-F982-4650-B59F-A91A3AFC4FFC}.Debug|x64.ActiveCfg = Debug|Any CPU
		{401F7675-F982-4650-B59F-A91A3AFC4FFC}.Debug|x64.Build.0 = Debug|Any CPU
		{401F7675-F982-4650-B59F-A91A3AFC4FFC}.Debug|x86.ActiveCfg = Debug|Any CPU
		{401F7675-F982-4650-B59F-A91A3AFC4FFC}.Debug|x86.Build.0 = Debug|Any CPU
		{401F7675-F982-4650-B59F-A91A3AFC4FFC}.Release|Any CPU.ActiveCfg = Release|Any CPU
		{401F7675-F982-4650-B59F-A91A3AFC4FFC}.Release|Any CPU.Build.0 = Release|Any CPU
		{401F7675-F982-4650-B59F-A91A3AFC4FFC}.Release|x64.ActiveCfg = Release|Any CPU
		{401F7675-F982-4650-B59F-A91A3AFC4FFC}.Release|x64.Build.0 = Release|Any CPU
		{401F7675-F982-4650-B59F-A91A3AFC4FFC}.Release|x86.ActiveCfg = Release|Any CPU
		{401F7675-F982-4650-B59F-A91A3AFC4FFC}.Release|x86.Build.0 = Release|Any CPU
		{8F10F86C-F924-48BA-9E54-54073C1616CB}.Debug|Any CPU.ActiveCfg = Debug|Any CPU
		{8F10F86C-F924-48BA-9E54-54073C1616CB}.Debug|Any CPU.Build.0 = Debug|Any CPU
		{8F10F86C-F924-48BA-9E54-54073C1616CB}.Debug|x64.ActiveCfg = Debug|Any CPU
		{8F10F86C-F924-48BA-9E54-54073C1616CB}.Debug|x64.Build.0 = Debug|Any CPU
		{8F10F86C-F924-48BA-9E54-54073C1616CB}.Debug|x86.ActiveCfg = Debug|Any CPU
		{8F10F86C-F924-48BA-9E54-54073C1616CB}.Debug|x86.Build.0 = Debug|Any CPU
		{8F10F86C-F924-48BA-9E54-54073C1616CB}.Release|Any CPU.ActiveCfg = Release|Any CPU
		{8F10F86C-F924-48BA-9E54-54073C1616CB}.Release|Any CPU.Build.0 = Release|Any CPU
		{8F10F86C-F924-48BA-9E54-54073C1616CB}.Release|x64.ActiveCfg = Release|Any CPU
		{8F10F86C-F924-48BA-9E54-54073C1616CB}.Release|x64.Build.0 = Release|Any CPU
		{8F10F86C-F924-48BA-9E54-54073C1616CB}.Release|x86.ActiveCfg = Release|Any CPU
		{8F10F86C-F924-48BA-9E54-54073C1616CB}.Release|x86.Build.0 = Release|Any CPU
		{2A8640A5-5E91-4DEC-9BFD-840F78A663FB}.Debug|Any CPU.ActiveCfg = Debug|Any CPU
		{2A8640A5-5E91-4DEC-9BFD-840F78A663FB}.Debug|Any CPU.Build.0 = Debug|Any CPU
		{2A8640A5-5E91-4DEC-9BFD-840F78A663FB}.Debug|x64.ActiveCfg = Debug|Any CPU
		{2A8640A5-5E91-4DEC-9BFD-840F78A663FB}.Debug|x64.Build.0 = Debug|Any CPU
		{2A8640A5-5E91-4DEC-9BFD-840F78A663FB}.Debug|x86.ActiveCfg = Debug|Any CPU
		{2A8640A5-5E91-4DEC-9BFD-840F78A663FB}.Debug|x86.Build.0 = Debug|Any CPU
		{2A8640A5-5E91-4DEC-9BFD-840F78A663FB}.Release|Any CPU.ActiveCfg = Release|Any CPU
		{2A8640A5-5E91-4DEC-9BFD-840F78A663FB}.Release|Any CPU.Build.0 = Release|Any CPU
		{2A8640A5-5E91-4DEC-9BFD-840F78A663FB}.Release|x64.ActiveCfg = Release|Any CPU
		{2A8640A5-5E91-4DEC-9BFD-840F78A663FB}.Release|x64.Build.0 = Release|Any CPU
		{2A8640A5-5E91-4DEC-9BFD-840F78A663FB}.Release|x86.ActiveCfg = Release|Any CPU
		{2A8640A5-5E91-4DEC-9BFD-840F78A663FB}.Release|x86.Build.0 = Release|Any CPU
		{22581B22-2605-4FA4-AAE3-F2ACBF42C251}.Debug|Any CPU.ActiveCfg = Debug|Any CPU
		{22581B22-2605-4FA4-AAE3-F2ACBF42C251}.Debug|Any CPU.Build.0 = Debug|Any CPU
		{22581B22-2605-4FA4-AAE3-F2ACBF42C251}.Debug|x64.ActiveCfg = Debug|Any CPU
		{22581B22-2605-4FA4-AAE3-F2ACBF42C251}.Debug|x64.Build.0 = Debug|Any CPU
		{22581B22-2605-4FA4-AAE3-F2ACBF42C251}.Debug|x86.ActiveCfg = Debug|Any CPU
		{22581B22-2605-4FA4-AAE3-F2ACBF42C251}.Debug|x86.Build.0 = Debug|Any CPU
		{22581B22-2605-4FA4-AAE3-F2ACBF42C251}.Release|Any CPU.ActiveCfg = Release|Any CPU
		{22581B22-2605-4FA4-AAE3-F2ACBF42C251}.Release|Any CPU.Build.0 = Release|Any CPU
		{22581B22-2605-4FA4-AAE3-F2ACBF42C251}.Release|x64.ActiveCfg = Release|Any CPU
		{22581B22-2605-4FA4-AAE3-F2ACBF42C251}.Release|x64.Build.0 = Release|Any CPU
		{22581B22-2605-4FA4-AAE3-F2ACBF42C251}.Release|x86.ActiveCfg = Release|Any CPU
		{22581B22-2605-4FA4-AAE3-F2ACBF42C251}.Release|x86.Build.0 = Release|Any CPU
	EndGlobalSection
	GlobalSection(SolutionProperties) = preSolution
		HideSolutionNode = FALSE
	EndGlobalSection
	GlobalSection(NestedProjects) = preSolution
		{FA0F3248-758F-470E-8892-A295398EA30E} = {593C5B50-52E6-436D-9BF2-93E220984E45}
		{230D274D-4101-479D-BBB4-1DEA70353FBD} = {1F08C70D-0D16-48E8-B4E7-4726BE7D4518}
		{4EBD44C0-885B-4876-9E7D-72E8DB39DBF5} = {DD39D4D9-52B4-47A7-86BF-ECB8D136D767}
		{5A9E507B-9090-4B3A-9EFC-53EBE7EC3E3D} = {DD39D4D9-52B4-47A7-86BF-ECB8D136D767}
		{7FC6CF46-173F-4F95-A121-19C557A0AFA6} = {593C5B50-52E6-436D-9BF2-93E220984E45}
		{54AB1491-BBE4-4A63-9B6A-EC70B0CC119A} = {593C5B50-52E6-436D-9BF2-93E220984E45}
		{C5FAE04D-B79D-4999-BB5B-80C6EA593A05} = {5F2276E6-BDAC-489C-A620-7C14D78B4BEB}
		{B61C3AF5-6C5F-41B5-8FAD-2183024BEF74} = {3E74C0FE-424E-47E2-9C74-EBC2C9D5C827}
		{5688B831-79EC-45A7-AC44-63354AD40B6F} = {3E74C0FE-424E-47E2-9C74-EBC2C9D5C827}
		{D4351D2E-7B58-41D7-851C-01EA8E2725AD} = {B61C3AF5-6C5F-41B5-8FAD-2183024BEF74}
		{1DCE634D-19A8-4D86-86A1-C95EC0C44505} = {5688B831-79EC-45A7-AC44-63354AD40B6F}
		{401F7675-F982-4650-B59F-A91A3AFC4FFC} = {C16F05EE-1871-41EC-BB3A-DC834EF47533}
		{8F10F86C-F924-48BA-9E54-54073C1616CB} = {1F08C70D-0D16-48E8-B4E7-4726BE7D4518}
		{2A8640A5-5E91-4DEC-9BFD-840F78A663FB} = {1F08C70D-0D16-48E8-B4E7-4726BE7D4518}
		{22581B22-2605-4FA4-AAE3-F2ACBF42C251} = {DD39D4D9-52B4-47A7-86BF-ECB8D136D767}
	EndGlobalSection
	GlobalSection(SubversionScc) = preSolution
		Svn-Managed = True
		Manager = AnkhSVN - Subversion Support for Visual Studio
	EndGlobalSection
EndGlobal
