
Microsoft Visual Studio Solution File, Format Version 12.00
# Visual Studio 15
VisualStudioVersion = 15.0.26127.0
MinimumVisualStudioVersion = 10.0.40219.1
Project("{2150E333-8FDC-42A3-9474-1A3956D46DE8}") = "demos", "demos", "{DD39D4D9-52B4-47A7-86BF-ECB8D136D767}"
EndProject
Project("{2150E333-8FDC-42A3-9474-1A3956D46DE8}") = "ProjectTemplate", "ProjectTemplate", "{593C5B50-52E6-436D-9BF2-93E220984E45}"
EndProject
Project("{2150E333-8FDC-42A3-9474-1A3956D46DE8}") = "dep", "dep", "{C16F05EE-1871-41EC-BB3A-DC834EF47533}"
EndProject
Project("{2150E333-8FDC-42A3-9474-1A3956D46DE8}") = "test", "test", "{1F08C70D-0D16-48E8-B4E7-4726BE7D4518}"
EndProject
Project("{2150E333-8FDC-42A3-9474-1A3956D46DE8}") = "doc", "doc", "{50EF0486-DF11-4AEA-B01C-22D8F5981BF8}"
EndProject
Project("{9A19103F-16F7-4668-BE54-9A1E7A4F7556}") = "Cairo", "..\..\VS2013\CairoSharp\Cairo\Cairo.csproj", "{58EE7489-033B-400D-AE47-7ADBACCB9811}"
EndProject
Project("{9A19103F-16F7-4668-BE54-9A1E7A4F7556}") = "DWriteSharp", "..\DWriteSharp\src\DWriteSharp\DWriteSharp.csproj", "{D1E7BA3D-7F03-4B18-9998-FAC0D2BBCA11}"
EndProject
Project("{9A19103F-16F7-4668-BE54-9A1E7A4F7556}") = "DefaultTemplate", "Templates\DefaultTemplate\DefaultTemplate.csproj", "{FA0F3248-758F-470E-8892-A295398EA30E}"
EndProject
Project("{9A19103F-16F7-4668-BE54-9A1E7A4F7556}") = "TextRenderingTest", "Test\TextRenderingTest\TextRenderingTest.csproj", "{230D274D-4101-479D-BBB4-1DEA70353FBD}"
EndProject
Project("{8BB2217D-0F2D-49D1-97BC-3654ED321F3B}") = "PrimitiveRenderingTest", "Test\PrimitiveRenderingTest\PrimitiveRenderingTest.xproj", "{F8C04E8C-C5C2-4D47-81C7-3A316A69735D}"
EndProject
Project("{9A19103F-16F7-4668-BE54-9A1E7A4F7556}") = "ImGuiDemo", "demos\ImGuiDemo\ImGuiDemo.csproj", "{4EBD44C0-885B-4876-9E7D-72E8DB39DBF5}"
EndProject
Project("{9A19103F-16F7-4668-BE54-9A1E7A4F7556}") = "Calculator", "demos\Calculator\Calculator.csproj", "{5A9E507B-9090-4B3A-9EFC-53EBE7EC3E3D}"
EndProject
Project("{8BB2217D-0F2D-49D1-97BC-3654ED321F3B}") = "LayoutTest", "Test\LayoutTest\LayoutTest.xproj", "{3195722B-436F-4DAB-8DD7-6FF9B780734F}"
EndProject
Project("{9A19103F-16F7-4668-BE54-9A1E7A4F7556}") = "EmptyTemplate", "Templates\EmptyTemplate\EmptyTemplate.csproj", "{7FC6CF46-173F-4F95-A121-19C557A0AFA6}"
EndProject
Project("{9A19103F-16F7-4668-BE54-9A1E7A4F7556}") = "CSharpGLES", "..\CSharpGLES\CSharpGLES.csproj", "{7168E595-7459-4F1C-81D3-0910E3E3A35D}"
EndProject
Project("{9A19103F-16F7-4668-BE54-9A1E7A4F7556}") = "ImGui", "IMGUI\ImGui.csproj", "{D8CEE2A3-B2A7-46AC-ACAF-3B4EF56C3939}"
EndProject
Project("{9A19103F-16F7-4668-BE54-9A1E7A4F7556}") = "CSharpGL", "..\..\VS2013\CSharpGL.Core\CSharpGL\CSharpGL.csproj", "{2EE6938F-26A5-4C8B-9972-F3136D5917F1}"
EndProject
Project("{FAE04EC0-301F-11D3-BF4B-00C04F79EFBC}") = "AndroidTemplate", "Templates\AndroidTemplate\AndroidTemplate.csproj", "{54AB1491-BBE4-4A63-9B6A-EC70B0CC119A}"
EndProject
Global
	GlobalSection(SolutionConfigurationPlatforms) = preSolution
		Debug|Any CPU = Debug|Any CPU
		Debug|x64 = Debug|x64
		Debug|x86 = Debug|x86
		Release|Any CPU = Release|Any CPU
		Release|x64 = Release|x64
		Release|x86 = Release|x86
	EndGlobalSection
	GlobalSection(ProjectConfigurationPlatforms) = postSolution
		{58EE7489-033B-400D-AE47-7ADBACCB9811}.Debug|Any CPU.ActiveCfg = Debug|Any CPU
		{58EE7489-033B-400D-AE47-7ADBACCB9811}.Debug|Any CPU.Build.0 = Debug|Any CPU
		{58EE7489-033B-400D-AE47-7ADBACCB9811}.Debug|x64.ActiveCfg = Debug|Any CPU
		{58EE7489-033B-400D-AE47-7ADBACCB9811}.Debug|x64.Build.0 = Debug|Any CPU
		{58EE7489-033B-400D-AE47-7ADBACCB9811}.Debug|x86.ActiveCfg = Debug|Any CPU
		{58EE7489-033B-400D-AE47-7ADBACCB9811}.Debug|x86.Build.0 = Debug|Any CPU
		{58EE7489-033B-400D-AE47-7ADBACCB9811}.Release|Any CPU.ActiveCfg = Release|Any CPU
		{58EE7489-033B-400D-AE47-7ADBACCB9811}.Release|Any CPU.Build.0 = Release|Any CPU
		{58EE7489-033B-400D-AE47-7ADBACCB9811}.Release|x64.ActiveCfg = Release|Any CPU
		{58EE7489-033B-400D-AE47-7ADBACCB9811}.Release|x64.Build.0 = Release|Any CPU
		{58EE7489-033B-400D-AE47-7ADBACCB9811}.Release|x86.ActiveCfg = Release|Any CPU
		{58EE7489-033B-400D-AE47-7ADBACCB9811}.Release|x86.Build.0 = Release|Any CPU
		{D1E7BA3D-7F03-4B18-9998-FAC0D2BBCA11}.Debug|Any CPU.ActiveCfg = Debug|Any CPU
		{D1E7BA3D-7F03-4B18-9998-FAC0D2BBCA11}.Debug|Any CPU.Build.0 = Debug|Any CPU
		{D1E7BA3D-7F03-4B18-9998-FAC0D2BBCA11}.Debug|x64.ActiveCfg = Debug|Any CPU
		{D1E7BA3D-7F03-4B18-9998-FAC0D2BBCA11}.Debug|x64.Build.0 = Debug|Any CPU
		{D1E7BA3D-7F03-4B18-9998-FAC0D2BBCA11}.Debug|x86.ActiveCfg = Debug|Any CPU
		{D1E7BA3D-7F03-4B18-9998-FAC0D2BBCA11}.Debug|x86.Build.0 = Debug|Any CPU
		{D1E7BA3D-7F03-4B18-9998-FAC0D2BBCA11}.Release|Any CPU.ActiveCfg = Release|Any CPU
		{D1E7BA3D-7F03-4B18-9998-FAC0D2BBCA11}.Release|Any CPU.Build.0 = Release|Any CPU
		{D1E7BA3D-7F03-4B18-9998-FAC0D2BBCA11}.Release|x64.ActiveCfg = Release|Any CPU
		{D1E7BA3D-7F03-4B18-9998-FAC0D2BBCA11}.Release|x64.Build.0 = Release|Any CPU
		{D1E7BA3D-7F03-4B18-9998-FAC0D2BBCA11}.Release|x86.ActiveCfg = Release|Any CPU
		{D1E7BA3D-7F03-4B18-9998-FAC0D2BBCA11}.Release|x86.Build.0 = Release|Any CPU
		{FA0F3248-758F-470E-8892-A295398EA30E}.Debug|Any CPU.ActiveCfg = Debug|Any CPU
		{FA0F3248-758F-470E-8892-A295398EA30E}.Debug|Any CPU.Build.0 = Debug|Any CPU
		{FA0F3248-758F-470E-8892-A295398EA30E}.Debug|x64.ActiveCfg = Debug|Any CPU
		{FA0F3248-758F-470E-8892-A295398EA30E}.Debug|x64.Build.0 = Debug|Any CPU
		{FA0F3248-758F-470E-8892-A295398EA30E}.Debug|x86.ActiveCfg = Debug|Any CPU
		{FA0F3248-758F-470E-8892-A295398EA30E}.Debug|x86.Build.0 = Debug|Any CPU
		{FA0F3248-758F-470E-8892-A295398EA30E}.Release|Any CPU.ActiveCfg = Release|Any CPU
		{FA0F3248-758F-470E-8892-A295398EA30E}.Release|Any CPU.Build.0 = Release|Any CPU
		{FA0F3248-758F-470E-8892-A295398EA30E}.Release|x64.ActiveCfg = Release|Any CPU
		{FA0F3248-758F-470E-8892-A295398EA30E}.Release|x64.Build.0 = Release|Any CPU
		{FA0F3248-758F-470E-8892-A295398EA30E}.Release|x86.ActiveCfg = Release|Any CPU
		{FA0F3248-758F-470E-8892-A295398EA30E}.Release|x86.Build.0 = Release|Any CPU
		{230D274D-4101-479D-BBB4-1DEA70353FBD}.Debug|Any CPU.ActiveCfg = Debug|Any CPU
		{230D274D-4101-479D-BBB4-1DEA70353FBD}.Debug|Any CPU.Build.0 = Debug|Any CPU
		{230D274D-4101-479D-BBB4-1DEA70353FBD}.Debug|x64.ActiveCfg = Debug|Any CPU
		{230D274D-4101-479D-BBB4-1DEA70353FBD}.Debug|x64.Build.0 = Debug|Any CPU
		{230D274D-4101-479D-BBB4-1DEA70353FBD}.Debug|x86.ActiveCfg = Debug|Any CPU
		{230D274D-4101-479D-BBB4-1DEA70353FBD}.Debug|x86.Build.0 = Debug|Any CPU
		{230D274D-4101-479D-BBB4-1DEA70353FBD}.Release|Any CPU.ActiveCfg = Release|Any CPU
		{230D274D-4101-479D-BBB4-1DEA70353FBD}.Release|Any CPU.Build.0 = Release|Any CPU
		{230D274D-4101-479D-BBB4-1DEA70353FBD}.Release|x64.ActiveCfg = Release|Any CPU
		{230D274D-4101-479D-BBB4-1DEA70353FBD}.Release|x64.Build.0 = Release|Any CPU
		{230D274D-4101-479D-BBB4-1DEA70353FBD}.Release|x86.ActiveCfg = Release|Any CPU
		{230D274D-4101-479D-BBB4-1DEA70353FBD}.Release|x86.Build.0 = Release|Any CPU
		{F8C04E8C-C5C2-4D47-81C7-3A316A69735D}.Debug|Any CPU.ActiveCfg = Debug|Any CPU
		{F8C04E8C-C5C2-4D47-81C7-3A316A69735D}.Debug|Any CPU.Build.0 = Debug|Any CPU
		{F8C04E8C-C5C2-4D47-81C7-3A316A69735D}.Debug|x64.ActiveCfg = Debug|Any CPU
		{F8C04E8C-C5C2-4D47-81C7-3A316A69735D}.Debug|x64.Build.0 = Debug|Any CPU
		{F8C04E8C-C5C2-4D47-81C7-3A316A69735D}.Debug|x86.ActiveCfg = Debug|Any CPU
		{F8C04E8C-C5C2-4D47-81C7-3A316A69735D}.Debug|x86.Build.0 = Debug|Any CPU
		{F8C04E8C-C5C2-4D47-81C7-3A316A69735D}.Release|Any CPU.ActiveCfg = Release|Any CPU
		{F8C04E8C-C5C2-4D47-81C7-3A316A69735D}.Release|Any CPU.Build.0 = Release|Any CPU
		{F8C04E8C-C5C2-4D47-81C7-3A316A69735D}.Release|x64.ActiveCfg = Release|Any CPU
		{F8C04E8C-C5C2-4D47-81C7-3A316A69735D}.Release|x64.Build.0 = Release|Any CPU
		{F8C04E8C-C5C2-4D47-81C7-3A316A69735D}.Release|x86.ActiveCfg = Release|Any CPU
		{F8C04E8C-C5C2-4D47-81C7-3A316A69735D}.Release|x86.Build.0 = Release|Any CPU
		{4EBD44C0-885B-4876-9E7D-72E8DB39DBF5}.Debug|Any CPU.ActiveCfg = Debug|Any CPU
		{4EBD44C0-885B-4876-9E7D-72E8DB39DBF5}.Debug|Any CPU.Build.0 = Debug|Any CPU
		{4EBD44C0-885B-4876-9E7D-72E8DB39DBF5}.Debug|x64.ActiveCfg = Debug|Any CPU
		{4EBD44C0-885B-4876-9E7D-72E8DB39DBF5}.Debug|x64.Build.0 = Debug|Any CPU
		{4EBD44C0-885B-4876-9E7D-72E8DB39DBF5}.Debug|x86.ActiveCfg = Debug|Any CPU
		{4EBD44C0-885B-4876-9E7D-72E8DB39DBF5}.Debug|x86.Build.0 = Debug|Any CPU
		{4EBD44C0-885B-4876-9E7D-72E8DB39DBF5}.Release|Any CPU.ActiveCfg = Release|Any CPU
		{4EBD44C0-885B-4876-9E7D-72E8DB39DBF5}.Release|Any CPU.Build.0 = Release|Any CPU
		{4EBD44C0-885B-4876-9E7D-72E8DB39DBF5}.Release|x64.ActiveCfg = Release|Any CPU
		{4EBD44C0-885B-4876-9E7D-72E8DB39DBF5}.Release|x64.Build.0 = Release|Any CPU
		{4EBD44C0-885B-4876-9E7D-72E8DB39DBF5}.Release|x86.ActiveCfg = Release|Any CPU
		{4EBD44C0-885B-4876-9E7D-72E8DB39DBF5}.Release|x86.Build.0 = Release|Any CPU
		{5A9E507B-9090-4B3A-9EFC-53EBE7EC3E3D}.Debug|Any CPU.ActiveCfg = Debug|Any CPU
		{5A9E507B-9090-4B3A-9EFC-53EBE7EC3E3D}.Debug|Any CPU.Build.0 = Debug|Any CPU
		{5A9E507B-9090-4B3A-9EFC-53EBE7EC3E3D}.Debug|x64.ActiveCfg = Debug|Any CPU
		{5A9E507B-9090-4B3A-9EFC-53EBE7EC3E3D}.Debug|x64.Build.0 = Debug|Any CPU
		{5A9E507B-9090-4B3A-9EFC-53EBE7EC3E3D}.Debug|x86.ActiveCfg = Debug|Any CPU
		{5A9E507B-9090-4B3A-9EFC-53EBE7EC3E3D}.Debug|x86.Build.0 = Debug|Any CPU
		{5A9E507B-9090-4B3A-9EFC-53EBE7EC3E3D}.Release|Any CPU.ActiveCfg = Release|Any CPU
		{5A9E507B-9090-4B3A-9EFC-53EBE7EC3E3D}.Release|Any CPU.Build.0 = Release|Any CPU
		{5A9E507B-9090-4B3A-9EFC-53EBE7EC3E3D}.Release|x64.ActiveCfg = Release|Any CPU
		{5A9E507B-9090-4B3A-9EFC-53EBE7EC3E3D}.Release|x64.Build.0 = Release|Any CPU
		{5A9E507B-9090-4B3A-9EFC-53EBE7EC3E3D}.Release|x86.ActiveCfg = Release|Any CPU
		{5A9E507B-9090-4B3A-9EFC-53EBE7EC3E3D}.Release|x86.Build.0 = Release|Any CPU
		{3195722B-436F-4DAB-8DD7-6FF9B780734F}.Debug|Any CPU.ActiveCfg = Debug|Any CPU
		{3195722B-436F-4DAB-8DD7-6FF9B780734F}.Debug|Any CPU.Build.0 = Debug|Any CPU
		{3195722B-436F-4DAB-8DD7-6FF9B780734F}.Debug|x64.ActiveCfg = Debug|Any CPU
		{3195722B-436F-4DAB-8DD7-6FF9B780734F}.Debug|x64.Build.0 = Debug|Any CPU
		{3195722B-436F-4DAB-8DD7-6FF9B780734F}.Debug|x86.ActiveCfg = Debug|Any CPU
		{3195722B-436F-4DAB-8DD7-6FF9B780734F}.Debug|x86.Build.0 = Debug|Any CPU
		{3195722B-436F-4DAB-8DD7-6FF9B780734F}.Release|Any CPU.ActiveCfg = Release|Any CPU
		{3195722B-436F-4DAB-8DD7-6FF9B780734F}.Release|Any CPU.Build.0 = Release|Any CPU
		{3195722B-436F-4DAB-8DD7-6FF9B780734F}.Release|x64.ActiveCfg = Release|Any CPU
		{3195722B-436F-4DAB-8DD7-6FF9B780734F}.Release|x64.Build.0 = Release|Any CPU
		{3195722B-436F-4DAB-8DD7-6FF9B780734F}.Release|x86.ActiveCfg = Release|Any CPU
		{3195722B-436F-4DAB-8DD7-6FF9B780734F}.Release|x86.Build.0 = Release|Any CPU
		{7FC6CF46-173F-4F95-A121-19C557A0AFA6}.Debug|Any CPU.ActiveCfg = Debug|Any CPU
		{7FC6CF46-173F-4F95-A121-19C557A0AFA6}.Debug|Any CPU.Build.0 = Debug|Any CPU
		{7FC6CF46-173F-4F95-A121-19C557A0AFA6}.Debug|x64.ActiveCfg = Debug|Any CPU
		{7FC6CF46-173F-4F95-A121-19C557A0AFA6}.Debug|x64.Build.0 = Debug|Any CPU
		{7FC6CF46-173F-4F95-A121-19C557A0AFA6}.Debug|x86.ActiveCfg = Debug|Any CPU
		{7FC6CF46-173F-4F95-A121-19C557A0AFA6}.Debug|x86.Build.0 = Debug|Any CPU
		{7FC6CF46-173F-4F95-A121-19C557A0AFA6}.Release|Any CPU.ActiveCfg = Release|Any CPU
		{7FC6CF46-173F-4F95-A121-19C557A0AFA6}.Release|Any CPU.Build.0 = Release|Any CPU
		{7FC6CF46-173F-4F95-A121-19C557A0AFA6}.Release|x64.ActiveCfg = Release|Any CPU
		{7FC6CF46-173F-4F95-A121-19C557A0AFA6}.Release|x64.Build.0 = Release|Any CPU
		{7FC6CF46-173F-4F95-A121-19C557A0AFA6}.Release|x86.ActiveCfg = Release|Any CPU
		{7FC6CF46-173F-4F95-A121-19C557A0AFA6}.Release|x86.Build.0 = Release|Any CPU
		{7168E595-7459-4F1C-81D3-0910E3E3A35D}.Debug|Any CPU.ActiveCfg = Debug|Any CPU
		{7168E595-7459-4F1C-81D3-0910E3E3A35D}.Debug|Any CPU.Build.0 = Debug|Any CPU
		{7168E595-7459-4F1C-81D3-0910E3E3A35D}.Debug|x64.ActiveCfg = Debug|Any CPU
		{7168E595-7459-4F1C-81D3-0910E3E3A35D}.Debug|x64.Build.0 = Debug|Any CPU
		{7168E595-7459-4F1C-81D3-0910E3E3A35D}.Debug|x86.ActiveCfg = Debug|Any CPU
		{7168E595-7459-4F1C-81D3-0910E3E3A35D}.Debug|x86.Build.0 = Debug|Any CPU
		{7168E595-7459-4F1C-81D3-0910E3E3A35D}.Release|Any CPU.ActiveCfg = Release|Any CPU
		{7168E595-7459-4F1C-81D3-0910E3E3A35D}.Release|Any CPU.Build.0 = Release|Any CPU
		{7168E595-7459-4F1C-81D3-0910E3E3A35D}.Release|x64.ActiveCfg = Release|Any CPU
		{7168E595-7459-4F1C-81D3-0910E3E3A35D}.Release|x64.Build.0 = Release|Any CPU
		{7168E595-7459-4F1C-81D3-0910E3E3A35D}.Release|x86.ActiveCfg = Release|Any CPU
		{7168E595-7459-4F1C-81D3-0910E3E3A35D}.Release|x86.Build.0 = Release|Any CPU
		{D8CEE2A3-B2A7-46AC-ACAF-3B4EF56C3939}.Debug|Any CPU.ActiveCfg = Debug|Any CPU
		{D8CEE2A3-B2A7-46AC-ACAF-3B4EF56C3939}.Debug|Any CPU.Build.0 = Debug|Any CPU
		{D8CEE2A3-B2A7-46AC-ACAF-3B4EF56C3939}.Debug|x64.ActiveCfg = Debug|x64
		{D8CEE2A3-B2A7-46AC-ACAF-3B4EF56C3939}.Debug|x64.Build.0 = Debug|x64
		{D8CEE2A3-B2A7-46AC-ACAF-3B4EF56C3939}.Debug|x86.ActiveCfg = Debug|x86
		{D8CEE2A3-B2A7-46AC-ACAF-3B4EF56C3939}.Debug|x86.Build.0 = Debug|x86
		{D8CEE2A3-B2A7-46AC-ACAF-3B4EF56C3939}.Release|Any CPU.ActiveCfg = Release|Any CPU
		{D8CEE2A3-B2A7-46AC-ACAF-3B4EF56C3939}.Release|Any CPU.Build.0 = Release|Any CPU
		{D8CEE2A3-B2A7-46AC-ACAF-3B4EF56C3939}.Release|x64.ActiveCfg = Release|x64
		{D8CEE2A3-B2A7-46AC-ACAF-3B4EF56C3939}.Release|x64.Build.0 = Release|x64
		{D8CEE2A3-B2A7-46AC-ACAF-3B4EF56C3939}.Release|x86.ActiveCfg = Release|x86
		{D8CEE2A3-B2A7-46AC-ACAF-3B4EF56C3939}.Release|x86.Build.0 = Release|x86
		{2EE6938F-26A5-4C8B-9972-F3136D5917F1}.Debug|Any CPU.ActiveCfg = Debug|Any CPU
		{2EE6938F-26A5-4C8B-9972-F3136D5917F1}.Debug|Any CPU.Build.0 = Debug|Any CPU
		{2EE6938F-26A5-4C8B-9972-F3136D5917F1}.Debug|x64.ActiveCfg = Debug|x64
		{2EE6938F-26A5-4C8B-9972-F3136D5917F1}.Debug|x64.Build.0 = Debug|x64
		{2EE6938F-26A5-4C8B-9972-F3136D5917F1}.Debug|x86.ActiveCfg = Debug|x86
		{2EE6938F-26A5-4C8B-9972-F3136D5917F1}.Debug|x86.Build.0 = Debug|x86
		{2EE6938F-26A5-4C8B-9972-F3136D5917F1}.Release|Any CPU.ActiveCfg = Release|Any CPU
		{2EE6938F-26A5-4C8B-9972-F3136D5917F1}.Release|Any CPU.Build.0 = Release|Any CPU
		{2EE6938F-26A5-4C8B-9972-F3136D5917F1}.Release|x64.ActiveCfg = Release|x64
		{2EE6938F-26A5-4C8B-9972-F3136D5917F1}.Release|x64.Build.0 = Release|x64
		{2EE6938F-26A5-4C8B-9972-F3136D5917F1}.Release|x86.ActiveCfg = Release|x86
		{2EE6938F-26A5-4C8B-9972-F3136D5917F1}.Release|x86.Build.0 = Release|x86
		{54AB1491-BBE4-4A63-9B6A-EC70B0CC119A}.Debug|Any CPU.ActiveCfg = Debug|Any CPU
		{54AB1491-BBE4-4A63-9B6A-EC70B0CC119A}.Debug|Any CPU.Build.0 = Debug|Any CPU
		{54AB1491-BBE4-4A63-9B6A-EC70B0CC119A}.Debug|Any CPU.Deploy.0 = Debug|Any CPU
		{54AB1491-BBE4-4A63-9B6A-EC70B0CC119A}.Debug|x64.ActiveCfg = Debug|Any CPU
		{54AB1491-BBE4-4A63-9B6A-EC70B0CC119A}.Debug|x64.Build.0 = Debug|Any CPU
		{54AB1491-BBE4-4A63-9B6A-EC70B0CC119A}.Debug|x64.Deploy.0 = Debug|Any CPU
		{54AB1491-BBE4-4A63-9B6A-EC70B0CC119A}.Debug|x86.ActiveCfg = Debug|Any CPU
		{54AB1491-BBE4-4A63-9B6A-EC70B0CC119A}.Debug|x86.Build.0 = Debug|Any CPU
		{54AB1491-BBE4-4A63-9B6A-EC70B0CC119A}.Debug|x86.Deploy.0 = Debug|Any CPU
		{54AB1491-BBE4-4A63-9B6A-EC70B0CC119A}.Release|Any CPU.ActiveCfg = Release|Any CPU
		{54AB1491-BBE4-4A63-9B6A-EC70B0CC119A}.Release|Any CPU.Build.0 = Release|Any CPU
		{54AB1491-BBE4-4A63-9B6A-EC70B0CC119A}.Release|Any CPU.Deploy.0 = Release|Any CPU
		{54AB1491-BBE4-4A63-9B6A-EC70B0CC119A}.Release|x64.ActiveCfg = Release|Any CPU
		{54AB1491-BBE4-4A63-9B6A-EC70B0CC119A}.Release|x64.Build.0 = Release|Any CPU
		{54AB1491-BBE4-4A63-9B6A-EC70B0CC119A}.Release|x64.Deploy.0 = Release|Any CPU
		{54AB1491-BBE4-4A63-9B6A-EC70B0CC119A}.Release|x86.ActiveCfg = Release|Any CPU
		{54AB1491-BBE4-4A63-9B6A-EC70B0CC119A}.Release|x86.Build.0 = Release|Any CPU
		{54AB1491-BBE4-4A63-9B6A-EC70B0CC119A}.Release|x86.Deploy.0 = Release|Any CPU
	EndGlobalSection
	GlobalSection(SolutionProperties) = preSolution
		HideSolutionNode = FALSE
	EndGlobalSection
	GlobalSection(NestedProjects) = preSolution
		{58EE7489-033B-400D-AE47-7ADBACCB9811} = {C16F05EE-1871-41EC-BB3A-DC834EF47533}
		{D1E7BA3D-7F03-4B18-9998-FAC0D2BBCA11} = {C16F05EE-1871-41EC-BB3A-DC834EF47533}
		{FA0F3248-758F-470E-8892-A295398EA30E} = {593C5B50-52E6-436D-9BF2-93E220984E45}
		{230D274D-4101-479D-BBB4-1DEA70353FBD} = {1F08C70D-0D16-48E8-B4E7-4726BE7D4518}
		{F8C04E8C-C5C2-4D47-81C7-3A316A69735D} = {1F08C70D-0D16-48E8-B4E7-4726BE7D4518}
		{4EBD44C0-885B-4876-9E7D-72E8DB39DBF5} = {DD39D4D9-52B4-47A7-86BF-ECB8D136D767}
		{5A9E507B-9090-4B3A-9EFC-53EBE7EC3E3D} = {DD39D4D9-52B4-47A7-86BF-ECB8D136D767}
		{3195722B-436F-4DAB-8DD7-6FF9B780734F} = {1F08C70D-0D16-48E8-B4E7-4726BE7D4518}
		{7FC6CF46-173F-4F95-A121-19C557A0AFA6} = {593C5B50-52E6-436D-9BF2-93E220984E45}
		{7168E595-7459-4F1C-81D3-0910E3E3A35D} = {C16F05EE-1871-41EC-BB3A-DC834EF47533}
		{2EE6938F-26A5-4C8B-9972-F3136D5917F1} = {C16F05EE-1871-41EC-BB3A-DC834EF47533}
		{54AB1491-BBE4-4A63-9B6A-EC70B0CC119A} = {593C5B50-52E6-436D-9BF2-93E220984E45}
	EndGlobalSection
	GlobalSection(SubversionScc) = preSolution
		Svn-Managed = True
		Manager = AnkhSVN - Subversion Support for Visual Studio
	EndGlobalSection
EndGlobal
