
Microsoft Visual Studio Solution File, Format Version 12.00
# Visual Studio Version 16
VisualStudioVersion = 16.0.29319.158
MinimumVisualStudioVersion = 10.0.40219.1
Project("{2150E333-8FDC-42A3-9474-1A3956D46DE8}") = "demos", "demos", "{DD39D4D9-52B4-47A7-86BF-ECB8D136D767}"
EndProject
Project("{2150E333-8FDC-42A3-9474-1A3956D46DE8}") = "templates", "templates", "{593C5B50-52E6-436D-9BF2-93E220984E45}"
EndProject
Project("{2150E333-8FDC-42A3-9474-1A3956D46DE8}") = "test", "test", "{1F08C70D-0D16-48E8-B4E7-4726BE7D4518}"
	ProjectSection(SolutionItems) = preProject
		test\ReadMe.md = test\ReadMe.md
	EndProjectSection
EndProject
Project("{9A19103F-16F7-4668-BE54-9A1E7A4F7556}") = "Calculator", "demos\Calculator\Calculator.csproj", "{5A9E507B-9090-4B3A-9EFC-53EBE7EC3E3D}"
EndProject
Project("{2150E333-8FDC-42A3-9474-1A3956D46DE8}") = "src", "src", "{5F2276E6-BDAC-489C-A620-7C14D78B4BEB}"
EndProject
Project("{9A19103F-16F7-4668-BE54-9A1E7A4F7556}") = "CalculatorL", "demos\CalculatorL\CalculatorL.csproj", "{22581B22-2605-4FA4-AAE3-F2ACBF42C251}"
EndProject
Project("{9A19103F-16F7-4668-BE54-9A1E7A4F7556}") = "ImGui", "src\ImGui\ImGui.csproj", "{BD7603BF-6E5C-48E3-A1C3-56C8D65F3FAC}"
EndProject
Project("{9A19103F-16F7-4668-BE54-9A1E7A4F7556}") = "TextPad", "demos\TextPad\TextPad.csproj", "{B8EE6600-33B7-4604-9951-608641DA0D98}"
EndProject
Project("{FAE04EC0-301F-11D3-BF4B-00C04F79EFBC}") = "AndroidTemplate", "templates\AndroidTemplate\AndroidTemplate.csproj", "{54AB1491-BBE4-4A63-9B6A-EC70B0CC119A}"
EndProject
Project("{9A19103F-16F7-4668-BE54-9A1E7A4F7556}") = "ImGui.UnitTest", "test\ImGui.UnitTest\ImGui.UnitTest.csproj", "{B8087E73-4140-49B1-88CA-95528264CDB6}"
EndProject
Project("{D954291E-2A0B-460D-934E-DC6B0785DB48}") = "Demo", "templates\Demo\Demo.shproj", "{2AF7F9F5-8001-40BF-8C60-C4852CEAA299}"
EndProject
Project("{2150E333-8FDC-42A3-9474-1A3956D46DE8}") = "WebTemplate", "WebTemplate", "{192C7FBE-D5FE-4C01-9F02-C2729F9312C7}"
EndProject
Project("{9A19103F-16F7-4668-BE54-9A1E7A4F7556}") = "WebTemplateApp", "templates\WebTemplate\WebTemplateApp\WebTemplateApp.csproj", "{B9686D3F-FA49-4AB7-B664-125F101A79FB}"
EndProject
Project("{E24C65DC-7377-472B-9ABA-BC803B73C61A}") = "wwwroot", "templates\WebTemplate\WebTemplateApp\wwwroot\", "{22531B25-FDD0-477F-BD0C-A1DC45FA1805}"
	ProjectSection(WebsiteProperties) = preProject
		TargetFrameworkMoniker = ".NETFramework,Version%3Dv4.0"
		Debug.AspNetCompiler.VirtualPath = "/localhost_50236"
		Debug.AspNetCompiler.PhysicalPath = "templates\WebTemplate\WebTemplateApp\wwwroot\"
		Debug.AspNetCompiler.TargetPath = "PrecompiledWeb\localhost_50236\"
		Debug.AspNetCompiler.Updateable = "true"
		Debug.AspNetCompiler.ForceOverwrite = "true"
		Debug.AspNetCompiler.FixedNames = "false"
		Debug.AspNetCompiler.Debug = "True"
		Release.AspNetCompiler.VirtualPath = "/localhost_50236"
		Release.AspNetCompiler.PhysicalPath = "templates\WebTemplate\WebTemplateApp\wwwroot\"
		Release.AspNetCompiler.TargetPath = "PrecompiledWeb\localhost_50236\"
		Release.AspNetCompiler.Updateable = "true"
		Release.AspNetCompiler.ForceOverwrite = "true"
		Release.AspNetCompiler.FixedNames = "false"
		Release.AspNetCompiler.Debug = "False"
		VWDPort = "50236"
		SlnRelativePath = "templates\WebTemplate\WebTemplateApp\wwwroot\"
	EndProjectSection
EndProject
Project("{9A19103F-16F7-4668-BE54-9A1E7A4F7556}") = "UniversalAppTemplate", "templates\UniversalAppTemplate\UniversalAppTemplate.csproj", "{E3255678-3E8A-46A9-BFDB-FEAA9263DF8A}"
EndProject
Project("{9A19103F-16F7-4668-BE54-9A1E7A4F7556}") = "ImGui.ControlTest", "test\ImGui.ControlTest\ImGui.ControlTest.csproj", "{88B33B1E-EEA4-4423-805E-4AF1E6519EA7}"
EndProject
Project("{9A19103F-16F7-4668-BE54-9A1E7A4F7556}") = "TextRenderingTest", "test\TextRenderingTest\TextRenderingTest.csproj", "{4278E07C-E302-4F8F-99FF-823932612BF3}"
EndProject
Project("{9A19103F-16F7-4668-BE54-9A1E7A4F7556}") = "TestUtil", "test\TestUtil\TestUtil.csproj", "{6D0DFFB5-818F-4D8C-AE49-50543908EAB5}"
EndProject
Global
	GlobalSection(SharedMSBuildProjectFiles) = preSolution
		templates\Demo\Demo.projitems*{2af7f9f5-8001-40bf-8c60-c4852ceaa299}*SharedItemsImports = 13
		templates\Demo\Demo.projitems*{e3255678-3e8a-46a9-bfdb-feaa9263df8a}*SharedItemsImports = 5
	EndGlobalSection
	GlobalSection(SolutionConfigurationPlatforms) = preSolution
		Debug|Any CPU = Debug|Any CPU
		Debug|x64 = Debug|x64
		Debug|x86 = Debug|x86
		Release|Any CPU = Release|Any CPU
		Release|x64 = Release|x64
		Release|x86 = Release|x86
	EndGlobalSection
	GlobalSection(ProjectConfigurationPlatforms) = postSolution
		{5A9E507B-9090-4B3A-9EFC-53EBE7EC3E3D}.Debug|Any CPU.ActiveCfg = Debug|Any CPU
		{5A9E507B-9090-4B3A-9EFC-53EBE7EC3E3D}.Debug|Any CPU.Build.0 = Debug|Any CPU
		{5A9E507B-9090-4B3A-9EFC-53EBE7EC3E3D}.Debug|x64.ActiveCfg = Debug|Any CPU
		{5A9E507B-9090-4B3A-9EFC-53EBE7EC3E3D}.Debug|x64.Build.0 = Debug|Any CPU
		{5A9E507B-9090-4B3A-9EFC-53EBE7EC3E3D}.Debug|x86.ActiveCfg = Debug|Any CPU
		{5A9E507B-9090-4B3A-9EFC-53EBE7EC3E3D}.Debug|x86.Build.0 = Debug|Any CPU
		{5A9E507B-9090-4B3A-9EFC-53EBE7EC3E3D}.Release|Any CPU.ActiveCfg = Release|Any CPU
		{5A9E507B-9090-4B3A-9EFC-53EBE7EC3E3D}.Release|Any CPU.Build.0 = Release|Any CPU
		{5A9E507B-9090-4B3A-9EFC-53EBE7EC3E3D}.Release|x64.ActiveCfg = Release|Any CPU
		{5A9E507B-9090-4B3A-9EFC-53EBE7EC3E3D}.Release|x64.Build.0 = Release|Any CPU
		{5A9E507B-9090-4B3A-9EFC-53EBE7EC3E3D}.Release|x86.ActiveCfg = Release|Any CPU
		{5A9E507B-9090-4B3A-9EFC-53EBE7EC3E3D}.Release|x86.Build.0 = Release|Any CPU
		{22581B22-2605-4FA4-AAE3-F2ACBF42C251}.Debug|Any CPU.ActiveCfg = Debug|Any CPU
		{22581B22-2605-4FA4-AAE3-F2ACBF42C251}.Debug|Any CPU.Build.0 = Debug|Any CPU
		{22581B22-2605-4FA4-AAE3-F2ACBF42C251}.Debug|x64.ActiveCfg = Debug|Any CPU
		{22581B22-2605-4FA4-AAE3-F2ACBF42C251}.Debug|x64.Build.0 = Debug|Any CPU
		{22581B22-2605-4FA4-AAE3-F2ACBF42C251}.Debug|x86.ActiveCfg = Debug|Any CPU
		{22581B22-2605-4FA4-AAE3-F2ACBF42C251}.Debug|x86.Build.0 = Debug|Any CPU
		{22581B22-2605-4FA4-AAE3-F2ACBF42C251}.Release|Any CPU.ActiveCfg = Release|Any CPU
		{22581B22-2605-4FA4-AAE3-F2ACBF42C251}.Release|Any CPU.Build.0 = Release|Any CPU
		{22581B22-2605-4FA4-AAE3-F2ACBF42C251}.Release|x64.ActiveCfg = Release|Any CPU
		{22581B22-2605-4FA4-AAE3-F2ACBF42C251}.Release|x64.Build.0 = Release|Any CPU
		{22581B22-2605-4FA4-AAE3-F2ACBF42C251}.Release|x86.ActiveCfg = Release|Any CPU
		{22581B22-2605-4FA4-AAE3-F2ACBF42C251}.Release|x86.Build.0 = Release|Any CPU
		{BD7603BF-6E5C-48E3-A1C3-56C8D65F3FAC}.Debug|Any CPU.ActiveCfg = Debug|Any CPU
		{BD7603BF-6E5C-48E3-A1C3-56C8D65F3FAC}.Debug|Any CPU.Build.0 = Debug|Any CPU
		{BD7603BF-6E5C-48E3-A1C3-56C8D65F3FAC}.Debug|x64.ActiveCfg = Debug|Any CPU
		{BD7603BF-6E5C-48E3-A1C3-56C8D65F3FAC}.Debug|x64.Build.0 = Debug|Any CPU
		{BD7603BF-6E5C-48E3-A1C3-56C8D65F3FAC}.Debug|x86.ActiveCfg = Debug|Any CPU
		{BD7603BF-6E5C-48E3-A1C3-56C8D65F3FAC}.Debug|x86.Build.0 = Debug|Any CPU
		{BD7603BF-6E5C-48E3-A1C3-56C8D65F3FAC}.Release|Any CPU.ActiveCfg = Release|Any CPU
		{BD7603BF-6E5C-48E3-A1C3-56C8D65F3FAC}.Release|Any CPU.Build.0 = Release|Any CPU
		{BD7603BF-6E5C-48E3-A1C3-56C8D65F3FAC}.Release|x64.ActiveCfg = Release|Any CPU
		{BD7603BF-6E5C-48E3-A1C3-56C8D65F3FAC}.Release|x64.Build.0 = Release|Any CPU
		{BD7603BF-6E5C-48E3-A1C3-56C8D65F3FAC}.Release|x86.ActiveCfg = Release|Any CPU
		{BD7603BF-6E5C-48E3-A1C3-56C8D65F3FAC}.Release|x86.Build.0 = Release|Any CPU
		{B8EE6600-33B7-4604-9951-608641DA0D98}.Debug|Any CPU.ActiveCfg = Debug|Any CPU
		{B8EE6600-33B7-4604-9951-608641DA0D98}.Debug|Any CPU.Build.0 = Debug|Any CPU
		{B8EE6600-33B7-4604-9951-608641DA0D98}.Debug|x64.ActiveCfg = Debug|Any CPU
		{B8EE6600-33B7-4604-9951-608641DA0D98}.Debug|x64.Build.0 = Debug|Any CPU
		{B8EE6600-33B7-4604-9951-608641DA0D98}.Debug|x86.ActiveCfg = Debug|Any CPU
		{B8EE6600-33B7-4604-9951-608641DA0D98}.Debug|x86.Build.0 = Debug|Any CPU
		{B8EE6600-33B7-4604-9951-608641DA0D98}.Release|Any CPU.ActiveCfg = Release|Any CPU
		{B8EE6600-33B7-4604-9951-608641DA0D98}.Release|Any CPU.Build.0 = Release|Any CPU
		{B8EE6600-33B7-4604-9951-608641DA0D98}.Release|x64.ActiveCfg = Release|Any CPU
		{B8EE6600-33B7-4604-9951-608641DA0D98}.Release|x64.Build.0 = Release|Any CPU
		{B8EE6600-33B7-4604-9951-608641DA0D98}.Release|x86.ActiveCfg = Release|Any CPU
		{B8EE6600-33B7-4604-9951-608641DA0D98}.Release|x86.Build.0 = Release|Any CPU
		{54AB1491-BBE4-4A63-9B6A-EC70B0CC119A}.Debug|Any CPU.ActiveCfg = Debug|Any CPU
		{54AB1491-BBE4-4A63-9B6A-EC70B0CC119A}.Debug|Any CPU.Build.0 = Debug|Any CPU
		{54AB1491-BBE4-4A63-9B6A-EC70B0CC119A}.Debug|Any CPU.Deploy.0 = Debug|Any CPU
		{54AB1491-BBE4-4A63-9B6A-EC70B0CC119A}.Debug|x64.ActiveCfg = Debug|Any CPU
		{54AB1491-BBE4-4A63-9B6A-EC70B0CC119A}.Debug|x64.Build.0 = Debug|Any CPU
		{54AB1491-BBE4-4A63-9B6A-EC70B0CC119A}.Debug|x64.Deploy.0 = Debug|Any CPU
		{54AB1491-BBE4-4A63-9B6A-EC70B0CC119A}.Debug|x86.ActiveCfg = Debug|Any CPU
		{54AB1491-BBE4-4A63-9B6A-EC70B0CC119A}.Debug|x86.Build.0 = Debug|Any CPU
		{54AB1491-BBE4-4A63-9B6A-EC70B0CC119A}.Debug|x86.Deploy.0 = Debug|Any CPU
		{54AB1491-BBE4-4A63-9B6A-EC70B0CC119A}.Release|Any CPU.ActiveCfg = Release|Any CPU
		{54AB1491-BBE4-4A63-9B6A-EC70B0CC119A}.Release|Any CPU.Build.0 = Release|Any CPU
		{54AB1491-BBE4-4A63-9B6A-EC70B0CC119A}.Release|Any CPU.Deploy.0 = Release|Any CPU
		{54AB1491-BBE4-4A63-9B6A-EC70B0CC119A}.Release|x64.ActiveCfg = Release|Any CPU
		{54AB1491-BBE4-4A63-9B6A-EC70B0CC119A}.Release|x64.Build.0 = Release|Any CPU
		{54AB1491-BBE4-4A63-9B6A-EC70B0CC119A}.Release|x64.Deploy.0 = Release|Any CPU
		{54AB1491-BBE4-4A63-9B6A-EC70B0CC119A}.Release|x86.ActiveCfg = Release|Any CPU
		{54AB1491-BBE4-4A63-9B6A-EC70B0CC119A}.Release|x86.Build.0 = Release|Any CPU
		{54AB1491-BBE4-4A63-9B6A-EC70B0CC119A}.Release|x86.Deploy.0 = Release|Any CPU
		{B8087E73-4140-49B1-88CA-95528264CDB6}.Debug|Any CPU.ActiveCfg = Debug|Any CPU
		{B8087E73-4140-49B1-88CA-95528264CDB6}.Debug|Any CPU.Build.0 = Debug|Any CPU
		{B8087E73-4140-49B1-88CA-95528264CDB6}.Debug|x64.ActiveCfg = Debug|Any CPU
		{B8087E73-4140-49B1-88CA-95528264CDB6}.Debug|x64.Build.0 = Debug|Any CPU
		{B8087E73-4140-49B1-88CA-95528264CDB6}.Debug|x86.ActiveCfg = Debug|Any CPU
		{B8087E73-4140-49B1-88CA-95528264CDB6}.Debug|x86.Build.0 = Debug|Any CPU
		{B8087E73-4140-49B1-88CA-95528264CDB6}.Release|Any CPU.ActiveCfg = Release|Any CPU
		{B8087E73-4140-49B1-88CA-95528264CDB6}.Release|Any CPU.Build.0 = Release|Any CPU
		{B8087E73-4140-49B1-88CA-95528264CDB6}.Release|x64.ActiveCfg = Release|Any CPU
		{B8087E73-4140-49B1-88CA-95528264CDB6}.Release|x64.Build.0 = Release|Any CPU
		{B8087E73-4140-49B1-88CA-95528264CDB6}.Release|x86.ActiveCfg = Release|Any CPU
		{B8087E73-4140-49B1-88CA-95528264CDB6}.Release|x86.Build.0 = Release|Any CPU
		{B9686D3F-FA49-4AB7-B664-125F101A79FB}.Debug|Any CPU.ActiveCfg = Debug|Any CPU
		{B9686D3F-FA49-4AB7-B664-125F101A79FB}.Debug|Any CPU.Build.0 = Debug|Any CPU
		{B9686D3F-FA49-4AB7-B664-125F101A79FB}.Debug|x64.ActiveCfg = Debug|Any CPU
		{B9686D3F-FA49-4AB7-B664-125F101A79FB}.Debug|x64.Build.0 = Debug|Any CPU
		{B9686D3F-FA49-4AB7-B664-125F101A79FB}.Debug|x86.ActiveCfg = Debug|Any CPU
		{B9686D3F-FA49-4AB7-B664-125F101A79FB}.Debug|x86.Build.0 = Debug|Any CPU
		{B9686D3F-FA49-4AB7-B664-125F101A79FB}.Release|Any CPU.ActiveCfg = Release|Any CPU
		{B9686D3F-FA49-4AB7-B664-125F101A79FB}.Release|Any CPU.Build.0 = Release|Any CPU
		{B9686D3F-FA49-4AB7-B664-125F101A79FB}.Release|x64.ActiveCfg = Release|Any CPU
		{B9686D3F-FA49-4AB7-B664-125F101A79FB}.Release|x64.Build.0 = Release|Any CPU
		{B9686D3F-FA49-4AB7-B664-125F101A79FB}.Release|x86.ActiveCfg = Release|Any CPU
		{B9686D3F-FA49-4AB7-B664-125F101A79FB}.Release|x86.Build.0 = Release|Any CPU
		{22531B25-FDD0-477F-BD0C-A1DC45FA1805}.Debug|Any CPU.ActiveCfg = Debug|Any CPU
		{22531B25-FDD0-477F-BD0C-A1DC45FA1805}.Debug|Any CPU.Build.0 = Debug|Any CPU
		{22531B25-FDD0-477F-BD0C-A1DC45FA1805}.Debug|x64.ActiveCfg = Debug|Any CPU
		{22531B25-FDD0-477F-BD0C-A1DC45FA1805}.Debug|x64.Build.0 = Debug|Any CPU
		{22531B25-FDD0-477F-BD0C-A1DC45FA1805}.Debug|x86.ActiveCfg = Debug|Any CPU
		{22531B25-FDD0-477F-BD0C-A1DC45FA1805}.Debug|x86.Build.0 = Debug|Any CPU
		{22531B25-FDD0-477F-BD0C-A1DC45FA1805}.Release|Any CPU.ActiveCfg = Debug|Any CPU
		{22531B25-FDD0-477F-BD0C-A1DC45FA1805}.Release|Any CPU.Build.0 = Debug|Any CPU
		{22531B25-FDD0-477F-BD0C-A1DC45FA1805}.Release|x64.ActiveCfg = Debug|Any CPU
		{22531B25-FDD0-477F-BD0C-A1DC45FA1805}.Release|x64.Build.0 = Debug|Any CPU
		{22531B25-FDD0-477F-BD0C-A1DC45FA1805}.Release|x86.ActiveCfg = Debug|Any CPU
		{22531B25-FDD0-477F-BD0C-A1DC45FA1805}.Release|x86.Build.0 = Debug|Any CPU
		{E3255678-3E8A-46A9-BFDB-FEAA9263DF8A}.Debug|Any CPU.ActiveCfg = Debug|Any CPU
		{E3255678-3E8A-46A9-BFDB-FEAA9263DF8A}.Debug|Any CPU.Build.0 = Debug|Any CPU
		{E3255678-3E8A-46A9-BFDB-FEAA9263DF8A}.Debug|x64.ActiveCfg = Debug|Any CPU
		{E3255678-3E8A-46A9-BFDB-FEAA9263DF8A}.Debug|x64.Build.0 = Debug|Any CPU
		{E3255678-3E8A-46A9-BFDB-FEAA9263DF8A}.Debug|x86.ActiveCfg = Debug|Any CPU
		{E3255678-3E8A-46A9-BFDB-FEAA9263DF8A}.Debug|x86.Build.0 = Debug|Any CPU
		{E3255678-3E8A-46A9-BFDB-FEAA9263DF8A}.Release|Any CPU.ActiveCfg = Release|Any CPU
		{E3255678-3E8A-46A9-BFDB-FEAA9263DF8A}.Release|Any CPU.Build.0 = Release|Any CPU
		{E3255678-3E8A-46A9-BFDB-FEAA9263DF8A}.Release|x64.ActiveCfg = Release|Any CPU
		{E3255678-3E8A-46A9-BFDB-FEAA9263DF8A}.Release|x64.Build.0 = Release|Any CPU
		{E3255678-3E8A-46A9-BFDB-FEAA9263DF8A}.Release|x86.ActiveCfg = Release|Any CPU
		{E3255678-3E8A-46A9-BFDB-FEAA9263DF8A}.Release|x86.Build.0 = Release|Any CPU
		{88B33B1E-EEA4-4423-805E-4AF1E6519EA7}.Debug|Any CPU.ActiveCfg = Debug|Any CPU
		{88B33B1E-EEA4-4423-805E-4AF1E6519EA7}.Debug|Any CPU.Build.0 = Debug|Any CPU
		{88B33B1E-EEA4-4423-805E-4AF1E6519EA7}.Debug|x64.ActiveCfg = Debug|Any CPU
		{88B33B1E-EEA4-4423-805E-4AF1E6519EA7}.Debug|x64.Build.0 = Debug|Any CPU
		{88B33B1E-EEA4-4423-805E-4AF1E6519EA7}.Debug|x86.ActiveCfg = Debug|Any CPU
		{88B33B1E-EEA4-4423-805E-4AF1E6519EA7}.Debug|x86.Build.0 = Debug|Any CPU
		{88B33B1E-EEA4-4423-805E-4AF1E6519EA7}.Release|Any CPU.ActiveCfg = Release|Any CPU
		{88B33B1E-EEA4-4423-805E-4AF1E6519EA7}.Release|Any CPU.Build.0 = Release|Any CPU
		{88B33B1E-EEA4-4423-805E-4AF1E6519EA7}.Release|x64.ActiveCfg = Release|Any CPU
		{88B33B1E-EEA4-4423-805E-4AF1E6519EA7}.Release|x64.Build.0 = Release|Any CPU
		{88B33B1E-EEA4-4423-805E-4AF1E6519EA7}.Release|x86.ActiveCfg = Release|Any CPU
		{88B33B1E-EEA4-4423-805E-4AF1E6519EA7}.Release|x86.Build.0 = Release|Any CPU
		{4278E07C-E302-4F8F-99FF-823932612BF3}.Debug|Any CPU.ActiveCfg = Debug|Any CPU
		{4278E07C-E302-4F8F-99FF-823932612BF3}.Debug|Any CPU.Build.0 = Debug|Any CPU
		{4278E07C-E302-4F8F-99FF-823932612BF3}.Debug|x64.ActiveCfg = Debug|Any CPU
		{4278E07C-E302-4F8F-99FF-823932612BF3}.Debug|x64.Build.0 = Debug|Any CPU
		{4278E07C-E302-4F8F-99FF-823932612BF3}.Debug|x86.ActiveCfg = Debug|Any CPU
		{4278E07C-E302-4F8F-99FF-823932612BF3}.Debug|x86.Build.0 = Debug|Any CPU
		{4278E07C-E302-4F8F-99FF-823932612BF3}.Release|Any CPU.ActiveCfg = Release|Any CPU
		{4278E07C-E302-4F8F-99FF-823932612BF3}.Release|Any CPU.Build.0 = Release|Any CPU
		{4278E07C-E302-4F8F-99FF-823932612BF3}.Release|x64.ActiveCfg = Release|Any CPU
		{4278E07C-E302-4F8F-99FF-823932612BF3}.Release|x64.Build.0 = Release|Any CPU
		{4278E07C-E302-4F8F-99FF-823932612BF3}.Release|x86.ActiveCfg = Release|Any CPU
		{4278E07C-E302-4F8F-99FF-823932612BF3}.Release|x86.Build.0 = Release|Any CPU
		{6D0DFFB5-818F-4D8C-AE49-50543908EAB5}.Debug|Any CPU.ActiveCfg = Debug|Any CPU
		{6D0DFFB5-818F-4D8C-AE49-50543908EAB5}.Debug|Any CPU.Build.0 = Debug|Any CPU
		{6D0DFFB5-818F-4D8C-AE49-50543908EAB5}.Debug|x64.ActiveCfg = Debug|Any CPU
		{6D0DFFB5-818F-4D8C-AE49-50543908EAB5}.Debug|x64.Build.0 = Debug|Any CPU
		{6D0DFFB5-818F-4D8C-AE49-50543908EAB5}.Debug|x86.ActiveCfg = Debug|Any CPU
		{6D0DFFB5-818F-4D8C-AE49-50543908EAB5}.Debug|x86.Build.0 = Debug|Any CPU
		{6D0DFFB5-818F-4D8C-AE49-50543908EAB5}.Release|Any CPU.ActiveCfg = Release|Any CPU
		{6D0DFFB5-818F-4D8C-AE49-50543908EAB5}.Release|Any CPU.Build.0 = Release|Any CPU
		{6D0DFFB5-818F-4D8C-AE49-50543908EAB5}.Release|x64.ActiveCfg = Release|Any CPU
		{6D0DFFB5-818F-4D8C-AE49-50543908EAB5}.Release|x64.Build.0 = Release|Any CPU
		{6D0DFFB5-818F-4D8C-AE49-50543908EAB5}.Release|x86.ActiveCfg = Release|Any CPU
		{6D0DFFB5-818F-4D8C-AE49-50543908EAB5}.Release|x86.Build.0 = Release|Any CPU
	EndGlobalSection
	GlobalSection(SolutionProperties) = preSolution
		HideSolutionNode = FALSE
	EndGlobalSection
	GlobalSection(NestedProjects) = preSolution
		{5A9E507B-9090-4B3A-9EFC-53EBE7EC3E3D} = {DD39D4D9-52B4-47A7-86BF-ECB8D136D767}
		{22581B22-2605-4FA4-AAE3-F2ACBF42C251} = {DD39D4D9-52B4-47A7-86BF-ECB8D136D767}
		{BD7603BF-6E5C-48E3-A1C3-56C8D65F3FAC} = {5F2276E6-BDAC-489C-A620-7C14D78B4BEB}
		{B8EE6600-33B7-4604-9951-608641DA0D98} = {DD39D4D9-52B4-47A7-86BF-ECB8D136D767}
		{54AB1491-BBE4-4A63-9B6A-EC70B0CC119A} = {593C5B50-52E6-436D-9BF2-93E220984E45}
		{B8087E73-4140-49B1-88CA-95528264CDB6} = {1F08C70D-0D16-48E8-B4E7-4726BE7D4518}
		{2AF7F9F5-8001-40BF-8C60-C4852CEAA299} = {593C5B50-52E6-436D-9BF2-93E220984E45}
		{192C7FBE-D5FE-4C01-9F02-C2729F9312C7} = {593C5B50-52E6-436D-9BF2-93E220984E45}
		{B9686D3F-FA49-4AB7-B664-125F101A79FB} = {192C7FBE-D5FE-4C01-9F02-C2729F9312C7}
		{22531B25-FDD0-477F-BD0C-A1DC45FA1805} = {192C7FBE-D5FE-4C01-9F02-C2729F9312C7}
		{E3255678-3E8A-46A9-BFDB-FEAA9263DF8A} = {593C5B50-52E6-436D-9BF2-93E220984E45}
		{88B33B1E-EEA4-4423-805E-4AF1E6519EA7} = {1F08C70D-0D16-48E8-B4E7-4726BE7D4518}
		{4278E07C-E302-4F8F-99FF-823932612BF3} = {1F08C70D-0D16-48E8-B4E7-4726BE7D4518}
		{6D0DFFB5-818F-4D8C-AE49-50543908EAB5} = {1F08C70D-0D16-48E8-B4E7-4726BE7D4518}
	EndGlobalSection
	GlobalSection(ExtensibilityGlobals) = postSolution
		SolutionGuid = {F2FED21B-4283-49FD-91D0-9360FFF0F4D5}
	EndGlobalSection
	GlobalSection(Performance) = preSolution
		HasPerformanceSessions = true
	EndGlobalSection
	GlobalSection(Performance) = preSolution
		HasPerformanceSessions = true
	EndGlobalSection
EndGlobal
