
Microsoft Visual Studio Solution File, Format Version 12.00
# Visual Studio 2013
VisualStudioVersion = 12.0.31101.0
MinimumVisualStudioVersion = 10.0.40219.1
Project("{FAE04EC0-301F-11D3-BF4B-00C04F79EFBC}") = "WinFormCario", "WinFormCario\WinFormCario.csproj", "{F0FCED91-2854-48F9-98FB-7DE01E35445A}"
EndProject
Project("{FAE04EC0-301F-11D3-BF4B-00C04F79EFBC}") = "Win32", "Win32\Win32.csproj", "{CD930E1E-48FF-4A0E-A753-CB4ACCE995BE}"
EndProject
Project("{FAE04EC0-301F-11D3-BF4B-00C04F79EFBC}") = "IMGUIDemo", "IMGUIDemo\IMGUIDemo.csproj", "{6A401FDF-4939-4623-8AE6-A3CD6E250ABD}"
	ProjectSection(ProjectDependencies) = postProject
		{495935C7-70A3-40E3-93CD-1CEBBD591B99} = {495935C7-70A3-40E3-93CD-1CEBBD591B99}
	EndProjectSection
EndProject
Project("{FAE04EC0-301F-11D3-BF4B-00C04F79EFBC}") = "Test", "Test\Test.csproj", "{0563CB4A-D41D-44E0-A259-84B29D9AFC61}"
EndProject
Project("{2150E333-8FDC-42A3-9474-1A3956D46DE8}") = "Demos", "Demos", "{DD39D4D9-52B4-47A7-86BF-ECB8D136D767}"
EndProject
Project("{FAE04EC0-301F-11D3-BF4B-00C04F79EFBC}") = "IMGUI", "IMGUI\IMGUI.csproj", "{495935C7-70A3-40E3-93CD-1CEBBD591B99}"
EndProject
Project("{FAE04EC0-301F-11D3-BF4B-00C04F79EFBC}") = "IMGUIDemo_TextBox", "IMGUIDemo_TextBox\IMGUIDemo_TextBox.csproj", "{E020C043-7427-4718-B336-AA8BE4B22F27}"
EndProject
Project("{FAE04EC0-301F-11D3-BF4B-00C04F79EFBC}") = "Cairo", "Cairo\Cairo.csproj", "{3C49A7E8-1708-4930-B741-8648848EC084}"
EndProject
Project("{2150E333-8FDC-42A3-9474-1A3956D46DE8}") = "NativeDLLs", "NativeDLLs", "{6D2147FE-63AC-43C5-88CC-031CA54317F1}"
	ProjectSection(SolutionItems) = preProject
		E:\dll\libcairo-2.dll = E:\dll\libcairo-2.dll
		E:\dll\libcairo-2.pdb = E:\dll\libcairo-2.pdb
		E:\dll\libglib-2.0-0.dll = E:\dll\libglib-2.0-0.dll
		E:\dll\libglib-2.0-0.pdb = E:\dll\libglib-2.0-0.pdb
		E:\dll\libgobject-2.0-0.dll = E:\dll\libgobject-2.0-0.dll
		E:\dll\libgobject-2.0-0.pdb = E:\dll\libgobject-2.0-0.pdb
		E:\dll\libpango-1.0-0.dll.dll = E:\dll\libpango-1.0-0.dll.dll
		E:\dll\libpango-1.0-0.dll.pdb = E:\dll\libpango-1.0-0.dll.pdb
	EndProjectSection
EndProject
Project("{FAE04EC0-301F-11D3-BF4B-00C04F79EFBC}") = "Pango", "Pango\Pango.csproj", "{04EC04F9-AA1F-494D-86A7-033DB42D9EBA}"
EndProject
Project("{FAE04EC0-301F-11D3-BF4B-00C04F79EFBC}") = "GLib", "GLib\GLib.csproj", "{3BF1D531-8840-4F15-8066-A9788D8C398B}"
EndProject
Global
	GlobalSection(SubversionScc) = preSolution
		Svn-Managed = True
		Manager = AnkhSVN - Subversion Support for Visual Studio
	EndGlobalSection
	GlobalSection(SolutionConfigurationPlatforms) = preSolution
		Debug|Any CPU = Debug|Any CPU
		Debug|Mixed Platforms = Debug|Mixed Platforms
		Debug|Win32 = Debug|Win32
		Debug|x64 = Debug|x64
		Debug|x86 = Debug|x86
		Release|Any CPU = Release|Any CPU
		Release|Mixed Platforms = Release|Mixed Platforms
		Release|Win32 = Release|Win32
		Release|x64 = Release|x64
		Release|x86 = Release|x86
	EndGlobalSection
	GlobalSection(ProjectConfigurationPlatforms) = postSolution
		{F0FCED91-2854-48F9-98FB-7DE01E35445A}.Debug|Any CPU.ActiveCfg = Debug|Any CPU
		{F0FCED91-2854-48F9-98FB-7DE01E35445A}.Debug|Any CPU.Build.0 = Debug|Any CPU
		{F0FCED91-2854-48F9-98FB-7DE01E35445A}.Debug|Mixed Platforms.ActiveCfg = Debug|x86
		{F0FCED91-2854-48F9-98FB-7DE01E35445A}.Debug|Mixed Platforms.Build.0 = Debug|x86
		{F0FCED91-2854-48F9-98FB-7DE01E35445A}.Debug|Win32.ActiveCfg = Debug|x86
		{F0FCED91-2854-48F9-98FB-7DE01E35445A}.Debug|Win32.Build.0 = Debug|x86
		{F0FCED91-2854-48F9-98FB-7DE01E35445A}.Debug|x64.ActiveCfg = Debug|x64
		{F0FCED91-2854-48F9-98FB-7DE01E35445A}.Debug|x64.Build.0 = Debug|x64
		{F0FCED91-2854-48F9-98FB-7DE01E35445A}.Debug|x86.ActiveCfg = Debug|x86
		{F0FCED91-2854-48F9-98FB-7DE01E35445A}.Debug|x86.Build.0 = Debug|x86
		{F0FCED91-2854-48F9-98FB-7DE01E35445A}.Release|Any CPU.ActiveCfg = Release|Any CPU
		{F0FCED91-2854-48F9-98FB-7DE01E35445A}.Release|Any CPU.Build.0 = Release|Any CPU
		{F0FCED91-2854-48F9-98FB-7DE01E35445A}.Release|Mixed Platforms.ActiveCfg = Release|x86
		{F0FCED91-2854-48F9-98FB-7DE01E35445A}.Release|Mixed Platforms.Build.0 = Release|x86
		{F0FCED91-2854-48F9-98FB-7DE01E35445A}.Release|Win32.ActiveCfg = Release|x86
		{F0FCED91-2854-48F9-98FB-7DE01E35445A}.Release|Win32.Build.0 = Release|x86
		{F0FCED91-2854-48F9-98FB-7DE01E35445A}.Release|x64.ActiveCfg = Release|x64
		{F0FCED91-2854-48F9-98FB-7DE01E35445A}.Release|x64.Build.0 = Release|x64
		{F0FCED91-2854-48F9-98FB-7DE01E35445A}.Release|x86.ActiveCfg = Release|x86
		{F0FCED91-2854-48F9-98FB-7DE01E35445A}.Release|x86.Build.0 = Release|x86
		{CD930E1E-48FF-4A0E-A753-CB4ACCE995BE}.Debug|Any CPU.ActiveCfg = Debug|Any CPU
		{CD930E1E-48FF-4A0E-A753-CB4ACCE995BE}.Debug|Any CPU.Build.0 = Debug|Any CPU
		{CD930E1E-48FF-4A0E-A753-CB4ACCE995BE}.Debug|Mixed Platforms.ActiveCfg = Debug|Any CPU
		{CD930E1E-48FF-4A0E-A753-CB4ACCE995BE}.Debug|Mixed Platforms.Build.0 = Debug|Any CPU
		{CD930E1E-48FF-4A0E-A753-CB4ACCE995BE}.Debug|Win32.ActiveCfg = Debug|x86
		{CD930E1E-48FF-4A0E-A753-CB4ACCE995BE}.Debug|Win32.Build.0 = Debug|x86
		{CD930E1E-48FF-4A0E-A753-CB4ACCE995BE}.Debug|x64.ActiveCfg = Debug|x64
		{CD930E1E-48FF-4A0E-A753-CB4ACCE995BE}.Debug|x64.Build.0 = Debug|x64
		{CD930E1E-48FF-4A0E-A753-CB4ACCE995BE}.Debug|x86.ActiveCfg = Debug|x86
		{CD930E1E-48FF-4A0E-A753-CB4ACCE995BE}.Debug|x86.Build.0 = Debug|x86
		{CD930E1E-48FF-4A0E-A753-CB4ACCE995BE}.Release|Any CPU.ActiveCfg = Release|Any CPU
		{CD930E1E-48FF-4A0E-A753-CB4ACCE995BE}.Release|Any CPU.Build.0 = Release|Any CPU
		{CD930E1E-48FF-4A0E-A753-CB4ACCE995BE}.Release|Mixed Platforms.ActiveCfg = Release|Any CPU
		{CD930E1E-48FF-4A0E-A753-CB4ACCE995BE}.Release|Mixed Platforms.Build.0 = Release|Any CPU
		{CD930E1E-48FF-4A0E-A753-CB4ACCE995BE}.Release|Win32.ActiveCfg = Release|x86
		{CD930E1E-48FF-4A0E-A753-CB4ACCE995BE}.Release|Win32.Build.0 = Release|x86
		{CD930E1E-48FF-4A0E-A753-CB4ACCE995BE}.Release|x64.ActiveCfg = Release|x64
		{CD930E1E-48FF-4A0E-A753-CB4ACCE995BE}.Release|x64.Build.0 = Release|x64
		{CD930E1E-48FF-4A0E-A753-CB4ACCE995BE}.Release|x86.ActiveCfg = Release|Any CPU
		{6A401FDF-4939-4623-8AE6-A3CD6E250ABD}.Debug|Any CPU.ActiveCfg = Debug|Any CPU
		{6A401FDF-4939-4623-8AE6-A3CD6E250ABD}.Debug|Any CPU.Build.0 = Debug|Any CPU
		{6A401FDF-4939-4623-8AE6-A3CD6E250ABD}.Debug|Mixed Platforms.ActiveCfg = Debug|Any CPU
		{6A401FDF-4939-4623-8AE6-A3CD6E250ABD}.Debug|Mixed Platforms.Build.0 = Debug|Any CPU
		{6A401FDF-4939-4623-8AE6-A3CD6E250ABD}.Debug|Win32.ActiveCfg = Debug|x86
		{6A401FDF-4939-4623-8AE6-A3CD6E250ABD}.Debug|Win32.Build.0 = Debug|x86
		{6A401FDF-4939-4623-8AE6-A3CD6E250ABD}.Debug|x64.ActiveCfg = Debug|x64
		{6A401FDF-4939-4623-8AE6-A3CD6E250ABD}.Debug|x64.Build.0 = Debug|x64
		{6A401FDF-4939-4623-8AE6-A3CD6E250ABD}.Debug|x86.ActiveCfg = Debug|x86
		{6A401FDF-4939-4623-8AE6-A3CD6E250ABD}.Debug|x86.Build.0 = Debug|x86
		{6A401FDF-4939-4623-8AE6-A3CD6E250ABD}.Release|Any CPU.ActiveCfg = Release|Any CPU
		{6A401FDF-4939-4623-8AE6-A3CD6E250ABD}.Release|Any CPU.Build.0 = Release|Any CPU
		{6A401FDF-4939-4623-8AE6-A3CD6E250ABD}.Release|Mixed Platforms.ActiveCfg = Release|Any CPU
		{6A401FDF-4939-4623-8AE6-A3CD6E250ABD}.Release|Mixed Platforms.Build.0 = Release|Any CPU
		{6A401FDF-4939-4623-8AE6-A3CD6E250ABD}.Release|Win32.ActiveCfg = Release|x86
		{6A401FDF-4939-4623-8AE6-A3CD6E250ABD}.Release|Win32.Build.0 = Release|x86
		{6A401FDF-4939-4623-8AE6-A3CD6E250ABD}.Release|x64.ActiveCfg = Release|x64
		{6A401FDF-4939-4623-8AE6-A3CD6E250ABD}.Release|x64.Build.0 = Release|x64
		{6A401FDF-4939-4623-8AE6-A3CD6E250ABD}.Release|x86.ActiveCfg = Release|Any CPU
		{0563CB4A-D41D-44E0-A259-84B29D9AFC61}.Debug|Any CPU.ActiveCfg = Debug|Any CPU
		{0563CB4A-D41D-44E0-A259-84B29D9AFC61}.Debug|Any CPU.Build.0 = Debug|Any CPU
		{0563CB4A-D41D-44E0-A259-84B29D9AFC61}.Debug|Mixed Platforms.ActiveCfg = Debug|Any CPU
		{0563CB4A-D41D-44E0-A259-84B29D9AFC61}.Debug|Mixed Platforms.Build.0 = Debug|Any CPU
		{0563CB4A-D41D-44E0-A259-84B29D9AFC61}.Debug|Win32.ActiveCfg = Debug|x86
		{0563CB4A-D41D-44E0-A259-84B29D9AFC61}.Debug|Win32.Build.0 = Debug|x86
		{0563CB4A-D41D-44E0-A259-84B29D9AFC61}.Debug|x64.ActiveCfg = Debug|x64
		{0563CB4A-D41D-44E0-A259-84B29D9AFC61}.Debug|x64.Build.0 = Debug|x64
		{0563CB4A-D41D-44E0-A259-84B29D9AFC61}.Debug|x86.ActiveCfg = Debug|x86
		{0563CB4A-D41D-44E0-A259-84B29D9AFC61}.Debug|x86.Build.0 = Debug|x86
		{0563CB4A-D41D-44E0-A259-84B29D9AFC61}.Release|Any CPU.ActiveCfg = Release|Any CPU
		{0563CB4A-D41D-44E0-A259-84B29D9AFC61}.Release|Any CPU.Build.0 = Release|Any CPU
		{0563CB4A-D41D-44E0-A259-84B29D9AFC61}.Release|Mixed Platforms.ActiveCfg = Release|Any CPU
		{0563CB4A-D41D-44E0-A259-84B29D9AFC61}.Release|Mixed Platforms.Build.0 = Release|Any CPU
		{0563CB4A-D41D-44E0-A259-84B29D9AFC61}.Release|Win32.ActiveCfg = Release|x86
		{0563CB4A-D41D-44E0-A259-84B29D9AFC61}.Release|Win32.Build.0 = Release|x86
		{0563CB4A-D41D-44E0-A259-84B29D9AFC61}.Release|x64.ActiveCfg = Release|x64
		{0563CB4A-D41D-44E0-A259-84B29D9AFC61}.Release|x64.Build.0 = Release|x64
		{0563CB4A-D41D-44E0-A259-84B29D9AFC61}.Release|x86.ActiveCfg = Release|Any CPU
		{495935C7-70A3-40E3-93CD-1CEBBD591B99}.Debug|Any CPU.ActiveCfg = Debug|Any CPU
		{495935C7-70A3-40E3-93CD-1CEBBD591B99}.Debug|Any CPU.Build.0 = Debug|Any CPU
		{495935C7-70A3-40E3-93CD-1CEBBD591B99}.Debug|Mixed Platforms.ActiveCfg = Debug|Any CPU
		{495935C7-70A3-40E3-93CD-1CEBBD591B99}.Debug|Mixed Platforms.Build.0 = Debug|Any CPU
		{495935C7-70A3-40E3-93CD-1CEBBD591B99}.Debug|Win32.ActiveCfg = Debug|x86
		{495935C7-70A3-40E3-93CD-1CEBBD591B99}.Debug|Win32.Build.0 = Debug|x86
		{495935C7-70A3-40E3-93CD-1CEBBD591B99}.Debug|x64.ActiveCfg = Debug|x64
		{495935C7-70A3-40E3-93CD-1CEBBD591B99}.Debug|x64.Build.0 = Debug|x64
		{495935C7-70A3-40E3-93CD-1CEBBD591B99}.Debug|x86.ActiveCfg = Debug|x86
		{495935C7-70A3-40E3-93CD-1CEBBD591B99}.Debug|x86.Build.0 = Debug|x86
		{495935C7-70A3-40E3-93CD-1CEBBD591B99}.Release|Any CPU.ActiveCfg = Release|Any CPU
		{495935C7-70A3-40E3-93CD-1CEBBD591B99}.Release|Any CPU.Build.0 = Release|Any CPU
		{495935C7-70A3-40E3-93CD-1CEBBD591B99}.Release|Mixed Platforms.ActiveCfg = Release|Any CPU
		{495935C7-70A3-40E3-93CD-1CEBBD591B99}.Release|Mixed Platforms.Build.0 = Release|Any CPU
		{495935C7-70A3-40E3-93CD-1CEBBD591B99}.Release|Win32.ActiveCfg = Release|x86
		{495935C7-70A3-40E3-93CD-1CEBBD591B99}.Release|Win32.Build.0 = Release|x86
		{495935C7-70A3-40E3-93CD-1CEBBD591B99}.Release|x64.ActiveCfg = Release|x64
		{495935C7-70A3-40E3-93CD-1CEBBD591B99}.Release|x64.Build.0 = Release|x64
		{495935C7-70A3-40E3-93CD-1CEBBD591B99}.Release|x86.ActiveCfg = Release|Any CPU
		{E020C043-7427-4718-B336-AA8BE4B22F27}.Debug|Any CPU.ActiveCfg = Debug|Any CPU
		{E020C043-7427-4718-B336-AA8BE4B22F27}.Debug|Any CPU.Build.0 = Debug|Any CPU
		{E020C043-7427-4718-B336-AA8BE4B22F27}.Debug|Mixed Platforms.ActiveCfg = Debug|x86
		{E020C043-7427-4718-B336-AA8BE4B22F27}.Debug|Mixed Platforms.Build.0 = Debug|x86
		{E020C043-7427-4718-B336-AA8BE4B22F27}.Debug|Win32.ActiveCfg = Debug|x86
		{E020C043-7427-4718-B336-AA8BE4B22F27}.Debug|Win32.Build.0 = Debug|x86
		{E020C043-7427-4718-B336-AA8BE4B22F27}.Debug|x64.ActiveCfg = Debug|x64
		{E020C043-7427-4718-B336-AA8BE4B22F27}.Debug|x64.Build.0 = Debug|x64
		{E020C043-7427-4718-B336-AA8BE4B22F27}.Debug|x86.ActiveCfg = Debug|x86
		{E020C043-7427-4718-B336-AA8BE4B22F27}.Debug|x86.Build.0 = Debug|x86
		{E020C043-7427-4718-B336-AA8BE4B22F27}.Release|Any CPU.ActiveCfg = Release|Any CPU
		{E020C043-7427-4718-B336-AA8BE4B22F27}.Release|Any CPU.Build.0 = Release|Any CPU
		{E020C043-7427-4718-B336-AA8BE4B22F27}.Release|Mixed Platforms.ActiveCfg = Release|x86
		{E020C043-7427-4718-B336-AA8BE4B22F27}.Release|Mixed Platforms.Build.0 = Release|x86
		{E020C043-7427-4718-B336-AA8BE4B22F27}.Release|Win32.ActiveCfg = Release|x86
		{E020C043-7427-4718-B336-AA8BE4B22F27}.Release|Win32.Build.0 = Release|x86
		{E020C043-7427-4718-B336-AA8BE4B22F27}.Release|x64.ActiveCfg = Release|x64
		{E020C043-7427-4718-B336-AA8BE4B22F27}.Release|x64.Build.0 = Release|x64
		{E020C043-7427-4718-B336-AA8BE4B22F27}.Release|x86.ActiveCfg = Release|x86
		{E020C043-7427-4718-B336-AA8BE4B22F27}.Release|x86.Build.0 = Release|x86
		{3C49A7E8-1708-4930-B741-8648848EC084}.Debug|Any CPU.ActiveCfg = Debug|Any CPU
		{3C49A7E8-1708-4930-B741-8648848EC084}.Debug|Any CPU.Build.0 = Debug|Any CPU
		{3C49A7E8-1708-4930-B741-8648848EC084}.Debug|Mixed Platforms.ActiveCfg = Debug|Any CPU
		{3C49A7E8-1708-4930-B741-8648848EC084}.Debug|Mixed Platforms.Build.0 = Debug|Any CPU
		{3C49A7E8-1708-4930-B741-8648848EC084}.Debug|Win32.ActiveCfg = Debug|Any CPU
		{3C49A7E8-1708-4930-B741-8648848EC084}.Debug|x64.ActiveCfg = Debug|x64
		{3C49A7E8-1708-4930-B741-8648848EC084}.Debug|x64.Build.0 = Debug|x64
		{3C49A7E8-1708-4930-B741-8648848EC084}.Debug|x86.ActiveCfg = Debug|Any CPU
		{3C49A7E8-1708-4930-B741-8648848EC084}.Release|Any CPU.ActiveCfg = Release|Any CPU
		{3C49A7E8-1708-4930-B741-8648848EC084}.Release|Any CPU.Build.0 = Release|Any CPU
		{3C49A7E8-1708-4930-B741-8648848EC084}.Release|Mixed Platforms.ActiveCfg = Release|Any CPU
		{3C49A7E8-1708-4930-B741-8648848EC084}.Release|Mixed Platforms.Build.0 = Release|Any CPU
		{3C49A7E8-1708-4930-B741-8648848EC084}.Release|Win32.ActiveCfg = Release|Any CPU
		{3C49A7E8-1708-4930-B741-8648848EC084}.Release|x64.ActiveCfg = Release|x64
		{3C49A7E8-1708-4930-B741-8648848EC084}.Release|x64.Build.0 = Release|x64
		{3C49A7E8-1708-4930-B741-8648848EC084}.Release|x86.ActiveCfg = Release|Any CPU
		{04EC04F9-AA1F-494D-86A7-033DB42D9EBA}.Debug|Any CPU.ActiveCfg = Debug|Any CPU
		{04EC04F9-AA1F-494D-86A7-033DB42D9EBA}.Debug|Any CPU.Build.0 = Debug|Any CPU
		{04EC04F9-AA1F-494D-86A7-033DB42D9EBA}.Debug|Mixed Platforms.ActiveCfg = Debug|Any CPU
		{04EC04F9-AA1F-494D-86A7-033DB42D9EBA}.Debug|Mixed Platforms.Build.0 = Debug|Any CPU
		{04EC04F9-AA1F-494D-86A7-033DB42D9EBA}.Debug|Win32.ActiveCfg = Debug|Any CPU
		{04EC04F9-AA1F-494D-86A7-033DB42D9EBA}.Debug|x64.ActiveCfg = Debug|Any CPU
		{04EC04F9-AA1F-494D-86A7-033DB42D9EBA}.Debug|x86.ActiveCfg = Debug|Any CPU
		{04EC04F9-AA1F-494D-86A7-033DB42D9EBA}.Release|Any CPU.ActiveCfg = Release|Any CPU
		{04EC04F9-AA1F-494D-86A7-033DB42D9EBA}.Release|Any CPU.Build.0 = Release|Any CPU
		{04EC04F9-AA1F-494D-86A7-033DB42D9EBA}.Release|Mixed Platforms.ActiveCfg = Release|Any CPU
		{04EC04F9-AA1F-494D-86A7-033DB42D9EBA}.Release|Mixed Platforms.Build.0 = Release|Any CPU
		{04EC04F9-AA1F-494D-86A7-033DB42D9EBA}.Release|Win32.ActiveCfg = Release|Any CPU
		{04EC04F9-AA1F-494D-86A7-033DB42D9EBA}.Release|x64.ActiveCfg = Release|Any CPU
		{04EC04F9-AA1F-494D-86A7-033DB42D9EBA}.Release|x86.ActiveCfg = Release|Any CPU
		{3BF1D531-8840-4F15-8066-A9788D8C398B}.Debug|Any CPU.ActiveCfg = Debug|x86
		{3BF1D531-8840-4F15-8066-A9788D8C398B}.Debug|Mixed Platforms.ActiveCfg = Debug|x86
		{3BF1D531-8840-4F15-8066-A9788D8C398B}.Debug|Mixed Platforms.Build.0 = Debug|x86
		{3BF1D531-8840-4F15-8066-A9788D8C398B}.Debug|Win32.ActiveCfg = Debug|x86
		{3BF1D531-8840-4F15-8066-A9788D8C398B}.Debug|Win32.Build.0 = Debug|x86
		{3BF1D531-8840-4F15-8066-A9788D8C398B}.Debug|x64.ActiveCfg = Debug|x86
		{3BF1D531-8840-4F15-8066-A9788D8C398B}.Debug|x86.ActiveCfg = Debug|x86
		{3BF1D531-8840-4F15-8066-A9788D8C398B}.Debug|x86.Build.0 = Debug|x86
		{3BF1D531-8840-4F15-8066-A9788D8C398B}.Release|Any CPU.ActiveCfg = Release|x86
		{3BF1D531-8840-4F15-8066-A9788D8C398B}.Release|Mixed Platforms.ActiveCfg = Release|x86
		{3BF1D531-8840-4F15-8066-A9788D8C398B}.Release|Mixed Platforms.Build.0 = Release|x86
		{3BF1D531-8840-4F15-8066-A9788D8C398B}.Release|Win32.ActiveCfg = Release|x86
		{3BF1D531-8840-4F15-8066-A9788D8C398B}.Release|Win32.Build.0 = Release|x86
		{3BF1D531-8840-4F15-8066-A9788D8C398B}.Release|x64.ActiveCfg = Release|x86
		{3BF1D531-8840-4F15-8066-A9788D8C398B}.Release|x86.ActiveCfg = Release|x86
		{3BF1D531-8840-4F15-8066-A9788D8C398B}.Release|x86.Build.0 = Release|x86
	EndGlobalSection
	GlobalSection(SolutionProperties) = preSolution
		HideSolutionNode = FALSE
	EndGlobalSection
	GlobalSection(NestedProjects) = preSolution
		{6A401FDF-4939-4623-8AE6-A3CD6E250ABD} = {DD39D4D9-52B4-47A7-86BF-ECB8D136D767}
		{E020C043-7427-4718-B336-AA8BE4B22F27} = {DD39D4D9-52B4-47A7-86BF-ECB8D136D767}
	EndGlobalSection
EndGlobal
