
Microsoft Visual Studio Solution File, Format Version 12.00
# Visual Studio 2013
VisualStudioVersion = 12.0.31101.0
MinimumVisualStudioVersion = 10.0.40219.1
Project("{FAE04EC0-301F-11D3-BF4B-00C04F79EFBC}") = "IMGUIDemo", "IMGUIDemo\ImGuiDemo.csproj", "{6A401FDF-4939-4623-8AE6-A3CD6E250ABD}"
	ProjectSection(ProjectDependencies) = postProject
		{495935C7-70A3-40E3-93CD-1CEBBD591B99} = {495935C7-70A3-40E3-93CD-1CEBBD591B99}
	EndProjectSection
EndProject
Project("{FAE04EC0-301F-11D3-BF4B-00C04F79EFBC}") = "Test", "Test\Test.csproj", "{0563CB4A-D41D-44E0-A259-84B29D9AFC61}"
EndProject
Project("{2150E333-8FDC-42A3-9474-1A3956D46DE8}") = "Demos", "Demos", "{DD39D4D9-52B4-47A7-86BF-ECB8D136D767}"
EndProject
Project("{FAE04EC0-301F-11D3-BF4B-00C04F79EFBC}") = "ImGui", "IMGUI\ImGui.csproj", "{495935C7-70A3-40E3-93CD-1CEBBD591B99}"
EndProject
Project("{FAE04EC0-301F-11D3-BF4B-00C04F79EFBC}") = "IMGUIDemo_TextBox", "IMGUIDemo_TextBox\ImGuiDemo_TextBox.csproj", "{E020C043-7427-4718-B336-AA8BE4B22F27}"
EndProject
Project("{2150E333-8FDC-42A3-9474-1A3956D46DE8}") = "ProjectTemplate", "ProjectTemplate", "{593C5B50-52E6-436D-9BF2-93E220984E45}"
EndProject
Project("{FAE04EC0-301F-11D3-BF4B-00C04F79EFBC}") = "IMGUIDemo_HiveGirdButon", "IMGUIDemo_HiveGirdButon\ImGuiDemo_HiveGirdButon.csproj", "{54D3873E-4CF9-4099-97C8-9AF557F724A3}"
EndProject
Project("{FAE04EC0-301F-11D3-BF4B-00C04F79EFBC}") = "IMGUIProjectTemplate", "IMGUIProjectTemplate\ImGuiProjectTemplate.csproj", "{1FF35342-ABC9-4AE1-8D80-ACA74022A87D}"
EndProject
Project("{FAE04EC0-301F-11D3-BF4B-00C04F79EFBC}") = "DwriteCairo", "..\ZWCloud.DwriteCairo\DwriteCairo\DwriteCairo.csproj", "{233143AD-EDF8-49C4-B69D-2D1EBF58B82E}"
EndProject
Project("{FAE04EC0-301F-11D3-BF4B-00C04F79EFBC}") = "Cairo", "..\ZWCloud.Cairo\Cairo\Cairo.csproj", "{3C49A7E8-1708-4930-B741-8648848EC084}"
EndProject
Project("{FAE04EC0-301F-11D3-BF4B-00C04F79EFBC}") = "IMGUIDemo_Calc", "IMGUIDemo_Calc\ImGuiDemo_Calc.csproj", "{E3F245DB-8EF6-4CC8-8BF8-9DFFAA2FA7BA}"
EndProject
Project("{FAE04EC0-301F-11D3-BF4B-00C04F79EFBC}") = "IMGUIDemo_Layout", "IMGUIDemo_Laout\ImGuiDemo_Layout.csproj", "{9D6694C5-DA35-4834-9C56-511A73E91520}"
EndProject
Project("{FAE04EC0-301F-11D3-BF4B-00C04F79EFBC}") = "IMGUIDemo_Menu", "IMGUIDemo_Menu\ImGuiDemo_Menu.csproj", "{F6757CA8-3AA4-4C74-A94B-A80265BC9BC3}"
EndProject
Project("{2150E333-8FDC-42A3-9474-1A3956D46DE8}") = "Dep", "Dep", "{C16F05EE-1871-41EC-BB3A-DC834EF47533}"
EndProject
Project("{FAE04EC0-301F-11D3-BF4B-00C04F79EFBC}") = "Pango", "..\PangoSharp\Pango\Pango.csproj", "{04EC04F9-AA1F-494D-86A7-033DB42D9EBA}"
EndProject
Project("{FAE04EC0-301F-11D3-BF4B-00C04F79EFBC}") = "GLib", "..\PangoSharp\GLib\GLib.csproj", "{3BF1D531-8840-4F15-8066-A9788D8C398B}"
EndProject
Global
	GlobalSection(SubversionScc) = preSolution
		Svn-Managed = True
		Manager = AnkhSVN - Subversion Support for Visual Studio
	EndGlobalSection
	GlobalSection(SolutionConfigurationPlatforms) = preSolution
		Debug.Linux|Any CPU = Debug.Linux|Any CPU
		Debug.Linux|x64 = Debug.Linux|x64
		Debug.Linux|x86 = Debug.Linux|x86
		Debug.Windows|Any CPU = Debug.Windows|Any CPU
		Debug.Windows|x64 = Debug.Windows|x64
		Debug.Windows|x86 = Debug.Windows|x86
		Debug|Any CPU = Debug|Any CPU
		Debug|x64 = Debug|x64
		Debug|x86 = Debug|x86
		Release.Linux|Any CPU = Release.Linux|Any CPU
		Release.Linux|x64 = Release.Linux|x64
		Release.Linux|x86 = Release.Linux|x86
		Release.Windows|Any CPU = Release.Windows|Any CPU
		Release.Windows|x64 = Release.Windows|x64
		Release.Windows|x86 = Release.Windows|x86
		Release|Any CPU = Release|Any CPU
		Release|x64 = Release|x64
		Release|x86 = Release|x86
	EndGlobalSection
	GlobalSection(ProjectConfigurationPlatforms) = postSolution
		{6A401FDF-4939-4623-8AE6-A3CD6E250ABD}.Debug.Linux|Any CPU.ActiveCfg = Debug|Any CPU
		{6A401FDF-4939-4623-8AE6-A3CD6E250ABD}.Debug.Linux|Any CPU.Build.0 = Debug|Any CPU
		{6A401FDF-4939-4623-8AE6-A3CD6E250ABD}.Debug.Linux|x64.ActiveCfg = Debug|x64
		{6A401FDF-4939-4623-8AE6-A3CD6E250ABD}.Debug.Linux|x64.Build.0 = Debug|x64
		{6A401FDF-4939-4623-8AE6-A3CD6E250ABD}.Debug.Linux|x86.ActiveCfg = Debug|x86
		{6A401FDF-4939-4623-8AE6-A3CD6E250ABD}.Debug.Linux|x86.Build.0 = Debug|x86
		{6A401FDF-4939-4623-8AE6-A3CD6E250ABD}.Debug.Windows|Any CPU.ActiveCfg = Debug|Any CPU
		{6A401FDF-4939-4623-8AE6-A3CD6E250ABD}.Debug.Windows|Any CPU.Build.0 = Debug|Any CPU
		{6A401FDF-4939-4623-8AE6-A3CD6E250ABD}.Debug.Windows|x64.ActiveCfg = Debug|x64
		{6A401FDF-4939-4623-8AE6-A3CD6E250ABD}.Debug.Windows|x64.Build.0 = Debug|x64
		{6A401FDF-4939-4623-8AE6-A3CD6E250ABD}.Debug.Windows|x86.ActiveCfg = Debug|x86
		{6A401FDF-4939-4623-8AE6-A3CD6E250ABD}.Debug.Windows|x86.Build.0 = Debug|x86
		{6A401FDF-4939-4623-8AE6-A3CD6E250ABD}.Debug|Any CPU.ActiveCfg = Debug|Any CPU
		{6A401FDF-4939-4623-8AE6-A3CD6E250ABD}.Debug|Any CPU.Build.0 = Debug|Any CPU
		{6A401FDF-4939-4623-8AE6-A3CD6E250ABD}.Debug|x64.ActiveCfg = Debug|x64
		{6A401FDF-4939-4623-8AE6-A3CD6E250ABD}.Debug|x64.Build.0 = Debug|x64
		{6A401FDF-4939-4623-8AE6-A3CD6E250ABD}.Debug|x86.ActiveCfg = Debug|x86
		{6A401FDF-4939-4623-8AE6-A3CD6E250ABD}.Debug|x86.Build.0 = Debug|x86
		{6A401FDF-4939-4623-8AE6-A3CD6E250ABD}.Release.Linux|Any CPU.ActiveCfg = Release|Any CPU
		{6A401FDF-4939-4623-8AE6-A3CD6E250ABD}.Release.Linux|Any CPU.Build.0 = Release|Any CPU
		{6A401FDF-4939-4623-8AE6-A3CD6E250ABD}.Release.Linux|x64.ActiveCfg = Release|x64
		{6A401FDF-4939-4623-8AE6-A3CD6E250ABD}.Release.Linux|x64.Build.0 = Release|x64
		{6A401FDF-4939-4623-8AE6-A3CD6E250ABD}.Release.Linux|x86.ActiveCfg = Release|x86
		{6A401FDF-4939-4623-8AE6-A3CD6E250ABD}.Release.Linux|x86.Build.0 = Release|x86
		{6A401FDF-4939-4623-8AE6-A3CD6E250ABD}.Release.Windows|Any CPU.ActiveCfg = Release|Any CPU
		{6A401FDF-4939-4623-8AE6-A3CD6E250ABD}.Release.Windows|Any CPU.Build.0 = Release|Any CPU
		{6A401FDF-4939-4623-8AE6-A3CD6E250ABD}.Release.Windows|x64.ActiveCfg = Release|x64
		{6A401FDF-4939-4623-8AE6-A3CD6E250ABD}.Release.Windows|x64.Build.0 = Release|x64
		{6A401FDF-4939-4623-8AE6-A3CD6E250ABD}.Release.Windows|x86.ActiveCfg = Release|x86
		{6A401FDF-4939-4623-8AE6-A3CD6E250ABD}.Release.Windows|x86.Build.0 = Release|x86
		{6A401FDF-4939-4623-8AE6-A3CD6E250ABD}.Release|Any CPU.ActiveCfg = Release|Any CPU
		{6A401FDF-4939-4623-8AE6-A3CD6E250ABD}.Release|Any CPU.Build.0 = Release|Any CPU
		{6A401FDF-4939-4623-8AE6-A3CD6E250ABD}.Release|x64.ActiveCfg = Release|x64
		{6A401FDF-4939-4623-8AE6-A3CD6E250ABD}.Release|x64.Build.0 = Release|x64
		{6A401FDF-4939-4623-8AE6-A3CD6E250ABD}.Release|x86.ActiveCfg = Release|x86
		{6A401FDF-4939-4623-8AE6-A3CD6E250ABD}.Release|x86.Build.0 = Release|x86
		{0563CB4A-D41D-44E0-A259-84B29D9AFC61}.Debug.Linux|Any CPU.ActiveCfg = Debug|Any CPU
		{0563CB4A-D41D-44E0-A259-84B29D9AFC61}.Debug.Linux|Any CPU.Build.0 = Debug|Any CPU
		{0563CB4A-D41D-44E0-A259-84B29D9AFC61}.Debug.Linux|x64.ActiveCfg = Debug|x64
		{0563CB4A-D41D-44E0-A259-84B29D9AFC61}.Debug.Linux|x64.Build.0 = Debug|x64
		{0563CB4A-D41D-44E0-A259-84B29D9AFC61}.Debug.Linux|x86.ActiveCfg = Debug|x86
		{0563CB4A-D41D-44E0-A259-84B29D9AFC61}.Debug.Linux|x86.Build.0 = Debug|x86
		{0563CB4A-D41D-44E0-A259-84B29D9AFC61}.Debug.Windows|Any CPU.ActiveCfg = Debug|Any CPU
		{0563CB4A-D41D-44E0-A259-84B29D9AFC61}.Debug.Windows|Any CPU.Build.0 = Debug|Any CPU
		{0563CB4A-D41D-44E0-A259-84B29D9AFC61}.Debug.Windows|x64.ActiveCfg = Debug|x64
		{0563CB4A-D41D-44E0-A259-84B29D9AFC61}.Debug.Windows|x64.Build.0 = Debug|x64
		{0563CB4A-D41D-44E0-A259-84B29D9AFC61}.Debug.Windows|x86.ActiveCfg = Debug|x86
		{0563CB4A-D41D-44E0-A259-84B29D9AFC61}.Debug.Windows|x86.Build.0 = Debug|x86
		{0563CB4A-D41D-44E0-A259-84B29D9AFC61}.Debug|Any CPU.ActiveCfg = Debug|Any CPU
		{0563CB4A-D41D-44E0-A259-84B29D9AFC61}.Debug|Any CPU.Build.0 = Debug|Any CPU
		{0563CB4A-D41D-44E0-A259-84B29D9AFC61}.Debug|x64.ActiveCfg = Debug|x64
		{0563CB4A-D41D-44E0-A259-84B29D9AFC61}.Debug|x64.Build.0 = Debug|x64
		{0563CB4A-D41D-44E0-A259-84B29D9AFC61}.Debug|x86.ActiveCfg = Debug|x86
		{0563CB4A-D41D-44E0-A259-84B29D9AFC61}.Debug|x86.Build.0 = Debug|x86
		{0563CB4A-D41D-44E0-A259-84B29D9AFC61}.Release.Linux|Any CPU.ActiveCfg = Release|Any CPU
		{0563CB4A-D41D-44E0-A259-84B29D9AFC61}.Release.Linux|Any CPU.Build.0 = Release|Any CPU
		{0563CB4A-D41D-44E0-A259-84B29D9AFC61}.Release.Linux|x64.ActiveCfg = Release|x64
		{0563CB4A-D41D-44E0-A259-84B29D9AFC61}.Release.Linux|x64.Build.0 = Release|x64
		{0563CB4A-D41D-44E0-A259-84B29D9AFC61}.Release.Linux|x86.ActiveCfg = Release|x86
		{0563CB4A-D41D-44E0-A259-84B29D9AFC61}.Release.Linux|x86.Build.0 = Release|x86
		{0563CB4A-D41D-44E0-A259-84B29D9AFC61}.Release.Windows|Any CPU.ActiveCfg = Release|Any CPU
		{0563CB4A-D41D-44E0-A259-84B29D9AFC61}.Release.Windows|Any CPU.Build.0 = Release|Any CPU
		{0563CB4A-D41D-44E0-A259-84B29D9AFC61}.Release.Windows|x64.ActiveCfg = Release|x64
		{0563CB4A-D41D-44E0-A259-84B29D9AFC61}.Release.Windows|x64.Build.0 = Release|x64
		{0563CB4A-D41D-44E0-A259-84B29D9AFC61}.Release.Windows|x86.ActiveCfg = Release|x86
		{0563CB4A-D41D-44E0-A259-84B29D9AFC61}.Release.Windows|x86.Build.0 = Release|x86
		{0563CB4A-D41D-44E0-A259-84B29D9AFC61}.Release|Any CPU.ActiveCfg = Release|Any CPU
		{0563CB4A-D41D-44E0-A259-84B29D9AFC61}.Release|Any CPU.Build.0 = Release|Any CPU
		{0563CB4A-D41D-44E0-A259-84B29D9AFC61}.Release|x64.ActiveCfg = Release|x64
		{0563CB4A-D41D-44E0-A259-84B29D9AFC61}.Release|x64.Build.0 = Release|x64
		{0563CB4A-D41D-44E0-A259-84B29D9AFC61}.Release|x86.ActiveCfg = Release|x86
		{0563CB4A-D41D-44E0-A259-84B29D9AFC61}.Release|x86.Build.0 = Release|x86
		{495935C7-70A3-40E3-93CD-1CEBBD591B99}.Debug.Linux|Any CPU.ActiveCfg = Debug|Any CPU
		{495935C7-70A3-40E3-93CD-1CEBBD591B99}.Debug.Linux|Any CPU.Build.0 = Debug|Any CPU
		{495935C7-70A3-40E3-93CD-1CEBBD591B99}.Debug.Linux|x64.ActiveCfg = Debug|x64
		{495935C7-70A3-40E3-93CD-1CEBBD591B99}.Debug.Linux|x64.Build.0 = Debug|x64
		{495935C7-70A3-40E3-93CD-1CEBBD591B99}.Debug.Linux|x86.ActiveCfg = Debug|x86
		{495935C7-70A3-40E3-93CD-1CEBBD591B99}.Debug.Linux|x86.Build.0 = Debug|x86
		{495935C7-70A3-40E3-93CD-1CEBBD591B99}.Debug.Windows|Any CPU.ActiveCfg = Debug|Any CPU
		{495935C7-70A3-40E3-93CD-1CEBBD591B99}.Debug.Windows|Any CPU.Build.0 = Debug|Any CPU
		{495935C7-70A3-40E3-93CD-1CEBBD591B99}.Debug.Windows|x64.ActiveCfg = Debug|x64
		{495935C7-70A3-40E3-93CD-1CEBBD591B99}.Debug.Windows|x64.Build.0 = Debug|x64
		{495935C7-70A3-40E3-93CD-1CEBBD591B99}.Debug.Windows|x86.ActiveCfg = Debug|x86
		{495935C7-70A3-40E3-93CD-1CEBBD591B99}.Debug.Windows|x86.Build.0 = Debug|x86
		{495935C7-70A3-40E3-93CD-1CEBBD591B99}.Debug|Any CPU.ActiveCfg = Debug|Any CPU
		{495935C7-70A3-40E3-93CD-1CEBBD591B99}.Debug|Any CPU.Build.0 = Debug|Any CPU
		{495935C7-70A3-40E3-93CD-1CEBBD591B99}.Debug|x64.ActiveCfg = Debug|x64
		{495935C7-70A3-40E3-93CD-1CEBBD591B99}.Debug|x64.Build.0 = Debug|x64
		{495935C7-70A3-40E3-93CD-1CEBBD591B99}.Debug|x86.ActiveCfg = Debug|x86
		{495935C7-70A3-40E3-93CD-1CEBBD591B99}.Debug|x86.Build.0 = Debug|x86
		{495935C7-70A3-40E3-93CD-1CEBBD591B99}.Release.Linux|Any CPU.ActiveCfg = Release|Any CPU
		{495935C7-70A3-40E3-93CD-1CEBBD591B99}.Release.Linux|Any CPU.Build.0 = Release|Any CPU
		{495935C7-70A3-40E3-93CD-1CEBBD591B99}.Release.Linux|x64.ActiveCfg = Release|x64
		{495935C7-70A3-40E3-93CD-1CEBBD591B99}.Release.Linux|x64.Build.0 = Release|x64
		{495935C7-70A3-40E3-93CD-1CEBBD591B99}.Release.Linux|x86.ActiveCfg = Release|x86
		{495935C7-70A3-40E3-93CD-1CEBBD591B99}.Release.Linux|x86.Build.0 = Release|x86
		{495935C7-70A3-40E3-93CD-1CEBBD591B99}.Release.Windows|Any CPU.ActiveCfg = Release|Any CPU
		{495935C7-70A3-40E3-93CD-1CEBBD591B99}.Release.Windows|Any CPU.Build.0 = Release|Any CPU
		{495935C7-70A3-40E3-93CD-1CEBBD591B99}.Release.Windows|x64.ActiveCfg = Release|x64
		{495935C7-70A3-40E3-93CD-1CEBBD591B99}.Release.Windows|x64.Build.0 = Release|x64
		{495935C7-70A3-40E3-93CD-1CEBBD591B99}.Release.Windows|x86.ActiveCfg = Release|x86
		{495935C7-70A3-40E3-93CD-1CEBBD591B99}.Release.Windows|x86.Build.0 = Release|x86
		{495935C7-70A3-40E3-93CD-1CEBBD591B99}.Release|Any CPU.ActiveCfg = Release|Any CPU
		{495935C7-70A3-40E3-93CD-1CEBBD591B99}.Release|Any CPU.Build.0 = Release|Any CPU
		{495935C7-70A3-40E3-93CD-1CEBBD591B99}.Release|x64.ActiveCfg = Release|x64
		{495935C7-70A3-40E3-93CD-1CEBBD591B99}.Release|x64.Build.0 = Release|x64
		{495935C7-70A3-40E3-93CD-1CEBBD591B99}.Release|x86.ActiveCfg = Release|x86
		{495935C7-70A3-40E3-93CD-1CEBBD591B99}.Release|x86.Build.0 = Release|x86
		{E020C043-7427-4718-B336-AA8BE4B22F27}.Debug.Linux|Any CPU.ActiveCfg = Debug|Any CPU
		{E020C043-7427-4718-B336-AA8BE4B22F27}.Debug.Linux|Any CPU.Build.0 = Debug|Any CPU
		{E020C043-7427-4718-B336-AA8BE4B22F27}.Debug.Linux|x64.ActiveCfg = Debug|x64
		{E020C043-7427-4718-B336-AA8BE4B22F27}.Debug.Linux|x64.Build.0 = Debug|x64
		{E020C043-7427-4718-B336-AA8BE4B22F27}.Debug.Linux|x86.ActiveCfg = Debug|x86
		{E020C043-7427-4718-B336-AA8BE4B22F27}.Debug.Linux|x86.Build.0 = Debug|x86
		{E020C043-7427-4718-B336-AA8BE4B22F27}.Debug.Windows|Any CPU.ActiveCfg = Debug|Any CPU
		{E020C043-7427-4718-B336-AA8BE4B22F27}.Debug.Windows|Any CPU.Build.0 = Debug|Any CPU
		{E020C043-7427-4718-B336-AA8BE4B22F27}.Debug.Windows|x64.ActiveCfg = Debug|x64
		{E020C043-7427-4718-B336-AA8BE4B22F27}.Debug.Windows|x64.Build.0 = Debug|x64
		{E020C043-7427-4718-B336-AA8BE4B22F27}.Debug.Windows|x86.ActiveCfg = Debug|x86
		{E020C043-7427-4718-B336-AA8BE4B22F27}.Debug.Windows|x86.Build.0 = Debug|x86
		{E020C043-7427-4718-B336-AA8BE4B22F27}.Debug|Any CPU.ActiveCfg = Debug|Any CPU
		{E020C043-7427-4718-B336-AA8BE4B22F27}.Debug|Any CPU.Build.0 = Debug|Any CPU
		{E020C043-7427-4718-B336-AA8BE4B22F27}.Debug|x64.ActiveCfg = Debug|x64
		{E020C043-7427-4718-B336-AA8BE4B22F27}.Debug|x64.Build.0 = Debug|x64
		{E020C043-7427-4718-B336-AA8BE4B22F27}.Debug|x86.ActiveCfg = Debug|x86
		{E020C043-7427-4718-B336-AA8BE4B22F27}.Debug|x86.Build.0 = Debug|x86
		{E020C043-7427-4718-B336-AA8BE4B22F27}.Release.Linux|Any CPU.ActiveCfg = Release|Any CPU
		{E020C043-7427-4718-B336-AA8BE4B22F27}.Release.Linux|Any CPU.Build.0 = Release|Any CPU
		{E020C043-7427-4718-B336-AA8BE4B22F27}.Release.Linux|x64.ActiveCfg = Release|x64
		{E020C043-7427-4718-B336-AA8BE4B22F27}.Release.Linux|x64.Build.0 = Release|x64
		{E020C043-7427-4718-B336-AA8BE4B22F27}.Release.Linux|x86.ActiveCfg = Release|x86
		{E020C043-7427-4718-B336-AA8BE4B22F27}.Release.Linux|x86.Build.0 = Release|x86
		{E020C043-7427-4718-B336-AA8BE4B22F27}.Release.Windows|Any CPU.ActiveCfg = Release|Any CPU
		{E020C043-7427-4718-B336-AA8BE4B22F27}.Release.Windows|Any CPU.Build.0 = Release|Any CPU
		{E020C043-7427-4718-B336-AA8BE4B22F27}.Release.Windows|x64.ActiveCfg = Release|x64
		{E020C043-7427-4718-B336-AA8BE4B22F27}.Release.Windows|x64.Build.0 = Release|x64
		{E020C043-7427-4718-B336-AA8BE4B22F27}.Release.Windows|x86.ActiveCfg = Release|x86
		{E020C043-7427-4718-B336-AA8BE4B22F27}.Release.Windows|x86.Build.0 = Release|x86
		{E020C043-7427-4718-B336-AA8BE4B22F27}.Release|Any CPU.ActiveCfg = Release|Any CPU
		{E020C043-7427-4718-B336-AA8BE4B22F27}.Release|Any CPU.Build.0 = Release|Any CPU
		{E020C043-7427-4718-B336-AA8BE4B22F27}.Release|x64.ActiveCfg = Release|x64
		{E020C043-7427-4718-B336-AA8BE4B22F27}.Release|x64.Build.0 = Release|x64
		{E020C043-7427-4718-B336-AA8BE4B22F27}.Release|x86.ActiveCfg = Release|x86
		{E020C043-7427-4718-B336-AA8BE4B22F27}.Release|x86.Build.0 = Release|x86
		{54D3873E-4CF9-4099-97C8-9AF557F724A3}.Debug.Linux|Any CPU.ActiveCfg = Debug|Any CPU
		{54D3873E-4CF9-4099-97C8-9AF557F724A3}.Debug.Linux|Any CPU.Build.0 = Debug|Any CPU
		{54D3873E-4CF9-4099-97C8-9AF557F724A3}.Debug.Linux|x64.ActiveCfg = Debug|x64
		{54D3873E-4CF9-4099-97C8-9AF557F724A3}.Debug.Linux|x64.Build.0 = Debug|x64
		{54D3873E-4CF9-4099-97C8-9AF557F724A3}.Debug.Linux|x86.ActiveCfg = Debug|x86
		{54D3873E-4CF9-4099-97C8-9AF557F724A3}.Debug.Linux|x86.Build.0 = Debug|x86
		{54D3873E-4CF9-4099-97C8-9AF557F724A3}.Debug.Windows|Any CPU.ActiveCfg = Debug|Any CPU
		{54D3873E-4CF9-4099-97C8-9AF557F724A3}.Debug.Windows|Any CPU.Build.0 = Debug|Any CPU
		{54D3873E-4CF9-4099-97C8-9AF557F724A3}.Debug.Windows|x64.ActiveCfg = Debug|x64
		{54D3873E-4CF9-4099-97C8-9AF557F724A3}.Debug.Windows|x64.Build.0 = Debug|x64
		{54D3873E-4CF9-4099-97C8-9AF557F724A3}.Debug.Windows|x86.ActiveCfg = Debug|x86
		{54D3873E-4CF9-4099-97C8-9AF557F724A3}.Debug.Windows|x86.Build.0 = Debug|x86
		{54D3873E-4CF9-4099-97C8-9AF557F724A3}.Debug|Any CPU.ActiveCfg = Debug|Any CPU
		{54D3873E-4CF9-4099-97C8-9AF557F724A3}.Debug|Any CPU.Build.0 = Debug|Any CPU
		{54D3873E-4CF9-4099-97C8-9AF557F724A3}.Debug|x64.ActiveCfg = Debug|x64
		{54D3873E-4CF9-4099-97C8-9AF557F724A3}.Debug|x64.Build.0 = Debug|x64
		{54D3873E-4CF9-4099-97C8-9AF557F724A3}.Debug|x86.ActiveCfg = Debug|x86
		{54D3873E-4CF9-4099-97C8-9AF557F724A3}.Debug|x86.Build.0 = Debug|x86
		{54D3873E-4CF9-4099-97C8-9AF557F724A3}.Release.Linux|Any CPU.ActiveCfg = Release|Any CPU
		{54D3873E-4CF9-4099-97C8-9AF557F724A3}.Release.Linux|Any CPU.Build.0 = Release|Any CPU
		{54D3873E-4CF9-4099-97C8-9AF557F724A3}.Release.Linux|x64.ActiveCfg = Release|x64
		{54D3873E-4CF9-4099-97C8-9AF557F724A3}.Release.Linux|x64.Build.0 = Release|x64
		{54D3873E-4CF9-4099-97C8-9AF557F724A3}.Release.Linux|x86.ActiveCfg = Release|x86
		{54D3873E-4CF9-4099-97C8-9AF557F724A3}.Release.Linux|x86.Build.0 = Release|x86
		{54D3873E-4CF9-4099-97C8-9AF557F724A3}.Release.Windows|Any CPU.ActiveCfg = Release|Any CPU
		{54D3873E-4CF9-4099-97C8-9AF557F724A3}.Release.Windows|Any CPU.Build.0 = Release|Any CPU
		{54D3873E-4CF9-4099-97C8-9AF557F724A3}.Release.Windows|x64.ActiveCfg = Release|x64
		{54D3873E-4CF9-4099-97C8-9AF557F724A3}.Release.Windows|x64.Build.0 = Release|x64
		{54D3873E-4CF9-4099-97C8-9AF557F724A3}.Release.Windows|x86.ActiveCfg = Release|x86
		{54D3873E-4CF9-4099-97C8-9AF557F724A3}.Release.Windows|x86.Build.0 = Release|x86
		{54D3873E-4CF9-4099-97C8-9AF557F724A3}.Release|Any CPU.ActiveCfg = Release|Any CPU
		{54D3873E-4CF9-4099-97C8-9AF557F724A3}.Release|Any CPU.Build.0 = Release|Any CPU
		{54D3873E-4CF9-4099-97C8-9AF557F724A3}.Release|x64.ActiveCfg = Release|x64
		{54D3873E-4CF9-4099-97C8-9AF557F724A3}.Release|x64.Build.0 = Release|x64
		{54D3873E-4CF9-4099-97C8-9AF557F724A3}.Release|x86.ActiveCfg = Release|x86
		{54D3873E-4CF9-4099-97C8-9AF557F724A3}.Release|x86.Build.0 = Release|x86
		{1FF35342-ABC9-4AE1-8D80-ACA74022A87D}.Debug.Linux|Any CPU.ActiveCfg = Debug|Any CPU
		{1FF35342-ABC9-4AE1-8D80-ACA74022A87D}.Debug.Linux|Any CPU.Build.0 = Debug|Any CPU
		{1FF35342-ABC9-4AE1-8D80-ACA74022A87D}.Debug.Linux|x64.ActiveCfg = Debug|x64
		{1FF35342-ABC9-4AE1-8D80-ACA74022A87D}.Debug.Linux|x64.Build.0 = Debug|x64
		{1FF35342-ABC9-4AE1-8D80-ACA74022A87D}.Debug.Linux|x86.ActiveCfg = Debug|x86
		{1FF35342-ABC9-4AE1-8D80-ACA74022A87D}.Debug.Linux|x86.Build.0 = Debug|x86
		{1FF35342-ABC9-4AE1-8D80-ACA74022A87D}.Debug.Windows|Any CPU.ActiveCfg = Debug|Any CPU
		{1FF35342-ABC9-4AE1-8D80-ACA74022A87D}.Debug.Windows|Any CPU.Build.0 = Debug|Any CPU
		{1FF35342-ABC9-4AE1-8D80-ACA74022A87D}.Debug.Windows|x64.ActiveCfg = Debug|x64
		{1FF35342-ABC9-4AE1-8D80-ACA74022A87D}.Debug.Windows|x64.Build.0 = Debug|x64
		{1FF35342-ABC9-4AE1-8D80-ACA74022A87D}.Debug.Windows|x86.ActiveCfg = Debug|x86
		{1FF35342-ABC9-4AE1-8D80-ACA74022A87D}.Debug.Windows|x86.Build.0 = Debug|x86
		{1FF35342-ABC9-4AE1-8D80-ACA74022A87D}.Debug|Any CPU.ActiveCfg = Debug|Any CPU
		{1FF35342-ABC9-4AE1-8D80-ACA74022A87D}.Debug|Any CPU.Build.0 = Debug|Any CPU
		{1FF35342-ABC9-4AE1-8D80-ACA74022A87D}.Debug|x64.ActiveCfg = Debug|x64
		{1FF35342-ABC9-4AE1-8D80-ACA74022A87D}.Debug|x64.Build.0 = Debug|x64
		{1FF35342-ABC9-4AE1-8D80-ACA74022A87D}.Debug|x86.ActiveCfg = Debug|x86
		{1FF35342-ABC9-4AE1-8D80-ACA74022A87D}.Debug|x86.Build.0 = Debug|x86
		{1FF35342-ABC9-4AE1-8D80-ACA74022A87D}.Release.Linux|Any CPU.ActiveCfg = Release|Any CPU
		{1FF35342-ABC9-4AE1-8D80-ACA74022A87D}.Release.Linux|Any CPU.Build.0 = Release|Any CPU
		{1FF35342-ABC9-4AE1-8D80-ACA74022A87D}.Release.Linux|x64.ActiveCfg = Release|x64
		{1FF35342-ABC9-4AE1-8D80-ACA74022A87D}.Release.Linux|x64.Build.0 = Release|x64
		{1FF35342-ABC9-4AE1-8D80-ACA74022A87D}.Release.Linux|x86.ActiveCfg = Release|x86
		{1FF35342-ABC9-4AE1-8D80-ACA74022A87D}.Release.Linux|x86.Build.0 = Release|x86
		{1FF35342-ABC9-4AE1-8D80-ACA74022A87D}.Release.Windows|Any CPU.ActiveCfg = Release|Any CPU
		{1FF35342-ABC9-4AE1-8D80-ACA74022A87D}.Release.Windows|Any CPU.Build.0 = Release|Any CPU
		{1FF35342-ABC9-4AE1-8D80-ACA74022A87D}.Release.Windows|x64.ActiveCfg = Release|x64
		{1FF35342-ABC9-4AE1-8D80-ACA74022A87D}.Release.Windows|x64.Build.0 = Release|x64
		{1FF35342-ABC9-4AE1-8D80-ACA74022A87D}.Release.Windows|x86.ActiveCfg = Release|x86
		{1FF35342-ABC9-4AE1-8D80-ACA74022A87D}.Release.Windows|x86.Build.0 = Release|x86
		{1FF35342-ABC9-4AE1-8D80-ACA74022A87D}.Release|Any CPU.ActiveCfg = Release|Any CPU
		{1FF35342-ABC9-4AE1-8D80-ACA74022A87D}.Release|Any CPU.Build.0 = Release|Any CPU
		{1FF35342-ABC9-4AE1-8D80-ACA74022A87D}.Release|x64.ActiveCfg = Release|x64
		{1FF35342-ABC9-4AE1-8D80-ACA74022A87D}.Release|x64.Build.0 = Release|x64
		{1FF35342-ABC9-4AE1-8D80-ACA74022A87D}.Release|x86.ActiveCfg = Release|x86
		{1FF35342-ABC9-4AE1-8D80-ACA74022A87D}.Release|x86.Build.0 = Release|x86
		{233143AD-EDF8-49C4-B69D-2D1EBF58B82E}.Debug.Linux|Any CPU.ActiveCfg = Debug|Any CPU
		{233143AD-EDF8-49C4-B69D-2D1EBF58B82E}.Debug.Linux|Any CPU.Build.0 = Debug|Any CPU
		{233143AD-EDF8-49C4-B69D-2D1EBF58B82E}.Debug.Linux|x64.ActiveCfg = Debug|x64
		{233143AD-EDF8-49C4-B69D-2D1EBF58B82E}.Debug.Linux|x64.Build.0 = Debug|x64
		{233143AD-EDF8-49C4-B69D-2D1EBF58B82E}.Debug.Linux|x86.ActiveCfg = Debug|Any CPU
		{233143AD-EDF8-49C4-B69D-2D1EBF58B82E}.Debug.Windows|Any CPU.ActiveCfg = Debug|Any CPU
		{233143AD-EDF8-49C4-B69D-2D1EBF58B82E}.Debug.Windows|Any CPU.Build.0 = Debug|Any CPU
		{233143AD-EDF8-49C4-B69D-2D1EBF58B82E}.Debug.Windows|x64.ActiveCfg = Debug|x64
		{233143AD-EDF8-49C4-B69D-2D1EBF58B82E}.Debug.Windows|x64.Build.0 = Debug|x64
		{233143AD-EDF8-49C4-B69D-2D1EBF58B82E}.Debug.Windows|x86.ActiveCfg = Debug|Any CPU
		{233143AD-EDF8-49C4-B69D-2D1EBF58B82E}.Debug|Any CPU.ActiveCfg = Debug|Any CPU
		{233143AD-EDF8-49C4-B69D-2D1EBF58B82E}.Debug|Any CPU.Build.0 = Debug|Any CPU
		{233143AD-EDF8-49C4-B69D-2D1EBF58B82E}.Debug|x64.ActiveCfg = Debug|x64
		{233143AD-EDF8-49C4-B69D-2D1EBF58B82E}.Debug|x64.Build.0 = Debug|x64
		{233143AD-EDF8-49C4-B69D-2D1EBF58B82E}.Debug|x86.ActiveCfg = Debug|Any CPU
		{233143AD-EDF8-49C4-B69D-2D1EBF58B82E}.Release.Linux|Any CPU.ActiveCfg = Release|Any CPU
		{233143AD-EDF8-49C4-B69D-2D1EBF58B82E}.Release.Linux|Any CPU.Build.0 = Release|Any CPU
		{233143AD-EDF8-49C4-B69D-2D1EBF58B82E}.Release.Linux|x64.ActiveCfg = Release|x64
		{233143AD-EDF8-49C4-B69D-2D1EBF58B82E}.Release.Linux|x64.Build.0 = Release|x64
		{233143AD-EDF8-49C4-B69D-2D1EBF58B82E}.Release.Linux|x86.ActiveCfg = Release|Any CPU
		{233143AD-EDF8-49C4-B69D-2D1EBF58B82E}.Release.Windows|Any CPU.ActiveCfg = Release|Any CPU
		{233143AD-EDF8-49C4-B69D-2D1EBF58B82E}.Release.Windows|Any CPU.Build.0 = Release|Any CPU
		{233143AD-EDF8-49C4-B69D-2D1EBF58B82E}.Release.Windows|x64.ActiveCfg = Release|x64
		{233143AD-EDF8-49C4-B69D-2D1EBF58B82E}.Release.Windows|x64.Build.0 = Release|x64
		{233143AD-EDF8-49C4-B69D-2D1EBF58B82E}.Release.Windows|x86.ActiveCfg = Release|Any CPU
		{233143AD-EDF8-49C4-B69D-2D1EBF58B82E}.Release|Any CPU.ActiveCfg = Release|Any CPU
		{233143AD-EDF8-49C4-B69D-2D1EBF58B82E}.Release|Any CPU.Build.0 = Release|Any CPU
		{233143AD-EDF8-49C4-B69D-2D1EBF58B82E}.Release|x64.ActiveCfg = Release|x64
		{233143AD-EDF8-49C4-B69D-2D1EBF58B82E}.Release|x64.Build.0 = Release|x64
		{233143AD-EDF8-49C4-B69D-2D1EBF58B82E}.Release|x86.ActiveCfg = Release|Any CPU
		{3C49A7E8-1708-4930-B741-8648848EC084}.Debug.Linux|Any CPU.ActiveCfg = Debug.Linux|Any CPU
		{3C49A7E8-1708-4930-B741-8648848EC084}.Debug.Linux|Any CPU.Build.0 = Debug.Linux|Any CPU
		{3C49A7E8-1708-4930-B741-8648848EC084}.Debug.Linux|x64.ActiveCfg = Debug.Linux|x64
		{3C49A7E8-1708-4930-B741-8648848EC084}.Debug.Linux|x64.Build.0 = Debug.Linux|x64
		{3C49A7E8-1708-4930-B741-8648848EC084}.Debug.Linux|x86.ActiveCfg = Debug.Linux|x86
		{3C49A7E8-1708-4930-B741-8648848EC084}.Debug.Linux|x86.Build.0 = Debug.Linux|x86
		{3C49A7E8-1708-4930-B741-8648848EC084}.Debug.Windows|Any CPU.ActiveCfg = Debug.Windows|Any CPU
		{3C49A7E8-1708-4930-B741-8648848EC084}.Debug.Windows|Any CPU.Build.0 = Debug.Windows|Any CPU
		{3C49A7E8-1708-4930-B741-8648848EC084}.Debug.Windows|x64.ActiveCfg = Debug.Windows|x64
		{3C49A7E8-1708-4930-B741-8648848EC084}.Debug.Windows|x64.Build.0 = Debug.Windows|x64
		{3C49A7E8-1708-4930-B741-8648848EC084}.Debug.Windows|x86.ActiveCfg = Debug.Windows|x86
		{3C49A7E8-1708-4930-B741-8648848EC084}.Debug.Windows|x86.Build.0 = Debug.Windows|x86
		{3C49A7E8-1708-4930-B741-8648848EC084}.Debug|Any CPU.ActiveCfg = Debug.Windows|Any CPU
		{3C49A7E8-1708-4930-B741-8648848EC084}.Debug|Any CPU.Build.0 = Debug.Windows|Any CPU
		{3C49A7E8-1708-4930-B741-8648848EC084}.Debug|x64.ActiveCfg = Debug|x64
		{3C49A7E8-1708-4930-B741-8648848EC084}.Debug|x64.Build.0 = Debug|x64
		{3C49A7E8-1708-4930-B741-8648848EC084}.Debug|x86.ActiveCfg = Debug|x86
		{3C49A7E8-1708-4930-B741-8648848EC084}.Debug|x86.Build.0 = Debug|x86
		{3C49A7E8-1708-4930-B741-8648848EC084}.Release.Linux|Any CPU.ActiveCfg = Release.Linux|Any CPU
		{3C49A7E8-1708-4930-B741-8648848EC084}.Release.Linux|Any CPU.Build.0 = Release.Linux|Any CPU
		{3C49A7E8-1708-4930-B741-8648848EC084}.Release.Linux|x64.ActiveCfg = Release.Linux|x64
		{3C49A7E8-1708-4930-B741-8648848EC084}.Release.Linux|x64.Build.0 = Release.Linux|x64
		{3C49A7E8-1708-4930-B741-8648848EC084}.Release.Linux|x86.ActiveCfg = Release.Linux|x86
		{3C49A7E8-1708-4930-B741-8648848EC084}.Release.Linux|x86.Build.0 = Release.Linux|x86
		{3C49A7E8-1708-4930-B741-8648848EC084}.Release.Windows|Any CPU.ActiveCfg = Release.Windows|Any CPU
		{3C49A7E8-1708-4930-B741-8648848EC084}.Release.Windows|Any CPU.Build.0 = Release.Windows|Any CPU
		{3C49A7E8-1708-4930-B741-8648848EC084}.Release.Windows|x64.ActiveCfg = Release.Windows|x64
		{3C49A7E8-1708-4930-B741-8648848EC084}.Release.Windows|x64.Build.0 = Release.Windows|x64
		{3C49A7E8-1708-4930-B741-8648848EC084}.Release.Windows|x86.ActiveCfg = Release.Windows|x86
		{3C49A7E8-1708-4930-B741-8648848EC084}.Release.Windows|x86.Build.0 = Release.Windows|x86
		{3C49A7E8-1708-4930-B741-8648848EC084}.Release|Any CPU.ActiveCfg = Release.Linux|Any CPU
		{3C49A7E8-1708-4930-B741-8648848EC084}.Release|Any CPU.Build.0 = Release.Linux|Any CPU
		{3C49A7E8-1708-4930-B741-8648848EC084}.Release|x64.ActiveCfg = Release.Linux|x64
		{3C49A7E8-1708-4930-B741-8648848EC084}.Release|x64.Build.0 = Release.Linux|x64
		{3C49A7E8-1708-4930-B741-8648848EC084}.Release|x86.ActiveCfg = Release.Linux|x86
		{3C49A7E8-1708-4930-B741-8648848EC084}.Release|x86.Build.0 = Release.Linux|x86
		{E3F245DB-8EF6-4CC8-8BF8-9DFFAA2FA7BA}.Debug.Linux|Any CPU.ActiveCfg = Debug|Any CPU
		{E3F245DB-8EF6-4CC8-8BF8-9DFFAA2FA7BA}.Debug.Linux|Any CPU.Build.0 = Debug|Any CPU
		{E3F245DB-8EF6-4CC8-8BF8-9DFFAA2FA7BA}.Debug.Linux|x64.ActiveCfg = Debug|x64
		{E3F245DB-8EF6-4CC8-8BF8-9DFFAA2FA7BA}.Debug.Linux|x64.Build.0 = Debug|x64
		{E3F245DB-8EF6-4CC8-8BF8-9DFFAA2FA7BA}.Debug.Linux|x86.ActiveCfg = Debug|x86
		{E3F245DB-8EF6-4CC8-8BF8-9DFFAA2FA7BA}.Debug.Linux|x86.Build.0 = Debug|x86
		{E3F245DB-8EF6-4CC8-8BF8-9DFFAA2FA7BA}.Debug.Windows|Any CPU.ActiveCfg = Debug|Any CPU
		{E3F245DB-8EF6-4CC8-8BF8-9DFFAA2FA7BA}.Debug.Windows|Any CPU.Build.0 = Debug|Any CPU
		{E3F245DB-8EF6-4CC8-8BF8-9DFFAA2FA7BA}.Debug.Windows|x64.ActiveCfg = Debug|x64
		{E3F245DB-8EF6-4CC8-8BF8-9DFFAA2FA7BA}.Debug.Windows|x64.Build.0 = Debug|x64
		{E3F245DB-8EF6-4CC8-8BF8-9DFFAA2FA7BA}.Debug.Windows|x86.ActiveCfg = Debug|x86
		{E3F245DB-8EF6-4CC8-8BF8-9DFFAA2FA7BA}.Debug.Windows|x86.Build.0 = Debug|x86
		{E3F245DB-8EF6-4CC8-8BF8-9DFFAA2FA7BA}.Debug|Any CPU.ActiveCfg = Debug|Any CPU
		{E3F245DB-8EF6-4CC8-8BF8-9DFFAA2FA7BA}.Debug|Any CPU.Build.0 = Debug|Any CPU
		{E3F245DB-8EF6-4CC8-8BF8-9DFFAA2FA7BA}.Debug|x64.ActiveCfg = Debug|x64
		{E3F245DB-8EF6-4CC8-8BF8-9DFFAA2FA7BA}.Debug|x64.Build.0 = Debug|x64
		{E3F245DB-8EF6-4CC8-8BF8-9DFFAA2FA7BA}.Debug|x86.ActiveCfg = Debug|x86
		{E3F245DB-8EF6-4CC8-8BF8-9DFFAA2FA7BA}.Debug|x86.Build.0 = Debug|x86
		{E3F245DB-8EF6-4CC8-8BF8-9DFFAA2FA7BA}.Release.Linux|Any CPU.ActiveCfg = Release|Any CPU
		{E3F245DB-8EF6-4CC8-8BF8-9DFFAA2FA7BA}.Release.Linux|Any CPU.Build.0 = Release|Any CPU
		{E3F245DB-8EF6-4CC8-8BF8-9DFFAA2FA7BA}.Release.Linux|x64.ActiveCfg = Release|x64
		{E3F245DB-8EF6-4CC8-8BF8-9DFFAA2FA7BA}.Release.Linux|x64.Build.0 = Release|x64
		{E3F245DB-8EF6-4CC8-8BF8-9DFFAA2FA7BA}.Release.Linux|x86.ActiveCfg = Release|x86
		{E3F245DB-8EF6-4CC8-8BF8-9DFFAA2FA7BA}.Release.Linux|x86.Build.0 = Release|x86
		{E3F245DB-8EF6-4CC8-8BF8-9DFFAA2FA7BA}.Release.Windows|Any CPU.ActiveCfg = Release|Any CPU
		{E3F245DB-8EF6-4CC8-8BF8-9DFFAA2FA7BA}.Release.Windows|Any CPU.Build.0 = Release|Any CPU
		{E3F245DB-8EF6-4CC8-8BF8-9DFFAA2FA7BA}.Release.Windows|x64.ActiveCfg = Release|x64
		{E3F245DB-8EF6-4CC8-8BF8-9DFFAA2FA7BA}.Release.Windows|x64.Build.0 = Release|x64
		{E3F245DB-8EF6-4CC8-8BF8-9DFFAA2FA7BA}.Release.Windows|x86.ActiveCfg = Release|x86
		{E3F245DB-8EF6-4CC8-8BF8-9DFFAA2FA7BA}.Release.Windows|x86.Build.0 = Release|x86
		{E3F245DB-8EF6-4CC8-8BF8-9DFFAA2FA7BA}.Release|Any CPU.ActiveCfg = Release|Any CPU
		{E3F245DB-8EF6-4CC8-8BF8-9DFFAA2FA7BA}.Release|Any CPU.Build.0 = Release|Any CPU
		{E3F245DB-8EF6-4CC8-8BF8-9DFFAA2FA7BA}.Release|x64.ActiveCfg = Release|x64
		{E3F245DB-8EF6-4CC8-8BF8-9DFFAA2FA7BA}.Release|x64.Build.0 = Release|x64
		{E3F245DB-8EF6-4CC8-8BF8-9DFFAA2FA7BA}.Release|x86.ActiveCfg = Release|x86
		{E3F245DB-8EF6-4CC8-8BF8-9DFFAA2FA7BA}.Release|x86.Build.0 = Release|x86
		{9D6694C5-DA35-4834-9C56-511A73E91520}.Debug.Linux|Any CPU.ActiveCfg = Debug|Any CPU
		{9D6694C5-DA35-4834-9C56-511A73E91520}.Debug.Linux|Any CPU.Build.0 = Debug|Any CPU
		{9D6694C5-DA35-4834-9C56-511A73E91520}.Debug.Linux|x64.ActiveCfg = Debug|x64
		{9D6694C5-DA35-4834-9C56-511A73E91520}.Debug.Linux|x64.Build.0 = Debug|x64
		{9D6694C5-DA35-4834-9C56-511A73E91520}.Debug.Linux|x86.ActiveCfg = Debug|x86
		{9D6694C5-DA35-4834-9C56-511A73E91520}.Debug.Linux|x86.Build.0 = Debug|x86
		{9D6694C5-DA35-4834-9C56-511A73E91520}.Debug.Windows|Any CPU.ActiveCfg = Debug|Any CPU
		{9D6694C5-DA35-4834-9C56-511A73E91520}.Debug.Windows|Any CPU.Build.0 = Debug|Any CPU
		{9D6694C5-DA35-4834-9C56-511A73E91520}.Debug.Windows|x64.ActiveCfg = Debug|x64
		{9D6694C5-DA35-4834-9C56-511A73E91520}.Debug.Windows|x64.Build.0 = Debug|x64
		{9D6694C5-DA35-4834-9C56-511A73E91520}.Debug.Windows|x86.ActiveCfg = Debug|x86
		{9D6694C5-DA35-4834-9C56-511A73E91520}.Debug.Windows|x86.Build.0 = Debug|x86
		{9D6694C5-DA35-4834-9C56-511A73E91520}.Debug|Any CPU.ActiveCfg = Debug|Any CPU
		{9D6694C5-DA35-4834-9C56-511A73E91520}.Debug|Any CPU.Build.0 = Debug|Any CPU
		{9D6694C5-DA35-4834-9C56-511A73E91520}.Debug|x64.ActiveCfg = Debug|x64
		{9D6694C5-DA35-4834-9C56-511A73E91520}.Debug|x64.Build.0 = Debug|x64
		{9D6694C5-DA35-4834-9C56-511A73E91520}.Debug|x86.ActiveCfg = Debug|x86
		{9D6694C5-DA35-4834-9C56-511A73E91520}.Debug|x86.Build.0 = Debug|x86
		{9D6694C5-DA35-4834-9C56-511A73E91520}.Release.Linux|Any CPU.ActiveCfg = Release|Any CPU
		{9D6694C5-DA35-4834-9C56-511A73E91520}.Release.Linux|Any CPU.Build.0 = Release|Any CPU
		{9D6694C5-DA35-4834-9C56-511A73E91520}.Release.Linux|x64.ActiveCfg = Release|x64
		{9D6694C5-DA35-4834-9C56-511A73E91520}.Release.Linux|x64.Build.0 = Release|x64
		{9D6694C5-DA35-4834-9C56-511A73E91520}.Release.Linux|x86.ActiveCfg = Release|x86
		{9D6694C5-DA35-4834-9C56-511A73E91520}.Release.Linux|x86.Build.0 = Release|x86
		{9D6694C5-DA35-4834-9C56-511A73E91520}.Release.Windows|Any CPU.ActiveCfg = Release|Any CPU
		{9D6694C5-DA35-4834-9C56-511A73E91520}.Release.Windows|Any CPU.Build.0 = Release|Any CPU
		{9D6694C5-DA35-4834-9C56-511A73E91520}.Release.Windows|x64.ActiveCfg = Release|x64
		{9D6694C5-DA35-4834-9C56-511A73E91520}.Release.Windows|x64.Build.0 = Release|x64
		{9D6694C5-DA35-4834-9C56-511A73E91520}.Release.Windows|x86.ActiveCfg = Release|x86
		{9D6694C5-DA35-4834-9C56-511A73E91520}.Release.Windows|x86.Build.0 = Release|x86
		{9D6694C5-DA35-4834-9C56-511A73E91520}.Release|Any CPU.ActiveCfg = Release|Any CPU
		{9D6694C5-DA35-4834-9C56-511A73E91520}.Release|Any CPU.Build.0 = Release|Any CPU
		{9D6694C5-DA35-4834-9C56-511A73E91520}.Release|x64.ActiveCfg = Release|x64
		{9D6694C5-DA35-4834-9C56-511A73E91520}.Release|x64.Build.0 = Release|x64
		{9D6694C5-DA35-4834-9C56-511A73E91520}.Release|x86.ActiveCfg = Release|x86
		{9D6694C5-DA35-4834-9C56-511A73E91520}.Release|x86.Build.0 = Release|x86
		{F6757CA8-3AA4-4C74-A94B-A80265BC9BC3}.Debug.Linux|Any CPU.ActiveCfg = Debug|Any CPU
		{F6757CA8-3AA4-4C74-A94B-A80265BC9BC3}.Debug.Linux|Any CPU.Build.0 = Debug|Any CPU
		{F6757CA8-3AA4-4C74-A94B-A80265BC9BC3}.Debug.Linux|x64.ActiveCfg = Debug|x64
		{F6757CA8-3AA4-4C74-A94B-A80265BC9BC3}.Debug.Linux|x64.Build.0 = Debug|x64
		{F6757CA8-3AA4-4C74-A94B-A80265BC9BC3}.Debug.Linux|x86.ActiveCfg = Debug|x86
		{F6757CA8-3AA4-4C74-A94B-A80265BC9BC3}.Debug.Linux|x86.Build.0 = Debug|x86
		{F6757CA8-3AA4-4C74-A94B-A80265BC9BC3}.Debug.Windows|Any CPU.ActiveCfg = Debug|Any CPU
		{F6757CA8-3AA4-4C74-A94B-A80265BC9BC3}.Debug.Windows|Any CPU.Build.0 = Debug|Any CPU
		{F6757CA8-3AA4-4C74-A94B-A80265BC9BC3}.Debug.Windows|x64.ActiveCfg = Debug|x64
		{F6757CA8-3AA4-4C74-A94B-A80265BC9BC3}.Debug.Windows|x64.Build.0 = Debug|x64
		{F6757CA8-3AA4-4C74-A94B-A80265BC9BC3}.Debug.Windows|x86.ActiveCfg = Debug|x86
		{F6757CA8-3AA4-4C74-A94B-A80265BC9BC3}.Debug.Windows|x86.Build.0 = Debug|x86
		{F6757CA8-3AA4-4C74-A94B-A80265BC9BC3}.Debug|Any CPU.ActiveCfg = Debug|Any CPU
		{F6757CA8-3AA4-4C74-A94B-A80265BC9BC3}.Debug|Any CPU.Build.0 = Debug|Any CPU
		{F6757CA8-3AA4-4C74-A94B-A80265BC9BC3}.Debug|x64.ActiveCfg = Debug|x64
		{F6757CA8-3AA4-4C74-A94B-A80265BC9BC3}.Debug|x64.Build.0 = Debug|x64
		{F6757CA8-3AA4-4C74-A94B-A80265BC9BC3}.Debug|x86.ActiveCfg = Debug|x86
		{F6757CA8-3AA4-4C74-A94B-A80265BC9BC3}.Debug|x86.Build.0 = Debug|x86
		{F6757CA8-3AA4-4C74-A94B-A80265BC9BC3}.Release.Linux|Any CPU.ActiveCfg = Release|Any CPU
		{F6757CA8-3AA4-4C74-A94B-A80265BC9BC3}.Release.Linux|Any CPU.Build.0 = Release|Any CPU
		{F6757CA8-3AA4-4C74-A94B-A80265BC9BC3}.Release.Linux|x64.ActiveCfg = Release|x64
		{F6757CA8-3AA4-4C74-A94B-A80265BC9BC3}.Release.Linux|x64.Build.0 = Release|x64
		{F6757CA8-3AA4-4C74-A94B-A80265BC9BC3}.Release.Linux|x86.ActiveCfg = Release|x86
		{F6757CA8-3AA4-4C74-A94B-A80265BC9BC3}.Release.Linux|x86.Build.0 = Release|x86
		{F6757CA8-3AA4-4C74-A94B-A80265BC9BC3}.Release.Windows|Any CPU.ActiveCfg = Release|Any CPU
		{F6757CA8-3AA4-4C74-A94B-A80265BC9BC3}.Release.Windows|Any CPU.Build.0 = Release|Any CPU
		{F6757CA8-3AA4-4C74-A94B-A80265BC9BC3}.Release.Windows|x64.ActiveCfg = Release|x64
		{F6757CA8-3AA4-4C74-A94B-A80265BC9BC3}.Release.Windows|x64.Build.0 = Release|x64
		{F6757CA8-3AA4-4C74-A94B-A80265BC9BC3}.Release.Windows|x86.ActiveCfg = Release|x86
		{F6757CA8-3AA4-4C74-A94B-A80265BC9BC3}.Release.Windows|x86.Build.0 = Release|x86
		{F6757CA8-3AA4-4C74-A94B-A80265BC9BC3}.Release|Any CPU.ActiveCfg = Release|Any CPU
		{F6757CA8-3AA4-4C74-A94B-A80265BC9BC3}.Release|Any CPU.Build.0 = Release|Any CPU
		{F6757CA8-3AA4-4C74-A94B-A80265BC9BC3}.Release|x64.ActiveCfg = Release|x64
		{F6757CA8-3AA4-4C74-A94B-A80265BC9BC3}.Release|x64.Build.0 = Release|x64
		{F6757CA8-3AA4-4C74-A94B-A80265BC9BC3}.Release|x86.ActiveCfg = Release|x86
		{F6757CA8-3AA4-4C74-A94B-A80265BC9BC3}.Release|x86.Build.0 = Release|x86
		{04EC04F9-AA1F-494D-86A7-033DB42D9EBA}.Debug.Linux|Any CPU.ActiveCfg = Debug|Any CPU
		{04EC04F9-AA1F-494D-86A7-033DB42D9EBA}.Debug.Linux|Any CPU.Build.0 = Debug|Any CPU
		{04EC04F9-AA1F-494D-86A7-033DB42D9EBA}.Debug.Linux|x64.ActiveCfg = Debug|x64
		{04EC04F9-AA1F-494D-86A7-033DB42D9EBA}.Debug.Linux|x64.Build.0 = Debug|x64
		{04EC04F9-AA1F-494D-86A7-033DB42D9EBA}.Debug.Linux|x86.ActiveCfg = Debug|x86
		{04EC04F9-AA1F-494D-86A7-033DB42D9EBA}.Debug.Linux|x86.Build.0 = Debug|x86
		{04EC04F9-AA1F-494D-86A7-033DB42D9EBA}.Debug.Windows|Any CPU.ActiveCfg = Debug|Any CPU
		{04EC04F9-AA1F-494D-86A7-033DB42D9EBA}.Debug.Windows|Any CPU.Build.0 = Debug|Any CPU
		{04EC04F9-AA1F-494D-86A7-033DB42D9EBA}.Debug.Windows|x64.ActiveCfg = Debug|x64
		{04EC04F9-AA1F-494D-86A7-033DB42D9EBA}.Debug.Windows|x64.Build.0 = Debug|x64
		{04EC04F9-AA1F-494D-86A7-033DB42D9EBA}.Debug.Windows|x86.ActiveCfg = Debug|x86
		{04EC04F9-AA1F-494D-86A7-033DB42D9EBA}.Debug.Windows|x86.Build.0 = Debug|x86
		{04EC04F9-AA1F-494D-86A7-033DB42D9EBA}.Debug|Any CPU.ActiveCfg = Debug|Any CPU
		{04EC04F9-AA1F-494D-86A7-033DB42D9EBA}.Debug|Any CPU.Build.0 = Debug|Any CPU
		{04EC04F9-AA1F-494D-86A7-033DB42D9EBA}.Debug|x64.ActiveCfg = Debug|x64
		{04EC04F9-AA1F-494D-86A7-033DB42D9EBA}.Debug|x64.Build.0 = Debug|x64
		{04EC04F9-AA1F-494D-86A7-033DB42D9EBA}.Debug|x86.ActiveCfg = Debug|x86
		{04EC04F9-AA1F-494D-86A7-033DB42D9EBA}.Debug|x86.Build.0 = Debug|x86
		{04EC04F9-AA1F-494D-86A7-033DB42D9EBA}.Release.Linux|Any CPU.ActiveCfg = Release|Any CPU
		{04EC04F9-AA1F-494D-86A7-033DB42D9EBA}.Release.Linux|Any CPU.Build.0 = Release|Any CPU
		{04EC04F9-AA1F-494D-86A7-033DB42D9EBA}.Release.Linux|x64.ActiveCfg = Release|x64
		{04EC04F9-AA1F-494D-86A7-033DB42D9EBA}.Release.Linux|x64.Build.0 = Release|x64
		{04EC04F9-AA1F-494D-86A7-033DB42D9EBA}.Release.Linux|x86.ActiveCfg = Release|x86
		{04EC04F9-AA1F-494D-86A7-033DB42D9EBA}.Release.Linux|x86.Build.0 = Release|x86
		{04EC04F9-AA1F-494D-86A7-033DB42D9EBA}.Release.Windows|Any CPU.ActiveCfg = Release|Any CPU
		{04EC04F9-AA1F-494D-86A7-033DB42D9EBA}.Release.Windows|Any CPU.Build.0 = Release|Any CPU
		{04EC04F9-AA1F-494D-86A7-033DB42D9EBA}.Release.Windows|x64.ActiveCfg = Release|x64
		{04EC04F9-AA1F-494D-86A7-033DB42D9EBA}.Release.Windows|x64.Build.0 = Release|x64
		{04EC04F9-AA1F-494D-86A7-033DB42D9EBA}.Release.Windows|x86.ActiveCfg = Release|x86
		{04EC04F9-AA1F-494D-86A7-033DB42D9EBA}.Release.Windows|x86.Build.0 = Release|x86
		{04EC04F9-AA1F-494D-86A7-033DB42D9EBA}.Release|Any CPU.ActiveCfg = Release|Any CPU
		{04EC04F9-AA1F-494D-86A7-033DB42D9EBA}.Release|Any CPU.Build.0 = Release|Any CPU
		{04EC04F9-AA1F-494D-86A7-033DB42D9EBA}.Release|x64.ActiveCfg = Release|x64
		{04EC04F9-AA1F-494D-86A7-033DB42D9EBA}.Release|x64.Build.0 = Release|x64
		{04EC04F9-AA1F-494D-86A7-033DB42D9EBA}.Release|x86.ActiveCfg = Release|x86
		{04EC04F9-AA1F-494D-86A7-033DB42D9EBA}.Release|x86.Build.0 = Release|x86
		{3BF1D531-8840-4F15-8066-A9788D8C398B}.Debug.Linux|Any CPU.ActiveCfg = Debug|Any CPU
		{3BF1D531-8840-4F15-8066-A9788D8C398B}.Debug.Linux|Any CPU.Build.0 = Debug|Any CPU
		{3BF1D531-8840-4F15-8066-A9788D8C398B}.Debug.Linux|x64.ActiveCfg = Debug|x64
		{3BF1D531-8840-4F15-8066-A9788D8C398B}.Debug.Linux|x64.Build.0 = Debug|x64
		{3BF1D531-8840-4F15-8066-A9788D8C398B}.Debug.Linux|x86.ActiveCfg = Debug|x86
		{3BF1D531-8840-4F15-8066-A9788D8C398B}.Debug.Linux|x86.Build.0 = Debug|x86
		{3BF1D531-8840-4F15-8066-A9788D8C398B}.Debug.Windows|Any CPU.ActiveCfg = Debug|Any CPU
		{3BF1D531-8840-4F15-8066-A9788D8C398B}.Debug.Windows|Any CPU.Build.0 = Debug|Any CPU
		{3BF1D531-8840-4F15-8066-A9788D8C398B}.Debug.Windows|x64.ActiveCfg = Debug|x64
		{3BF1D531-8840-4F15-8066-A9788D8C398B}.Debug.Windows|x64.Build.0 = Debug|x64
		{3BF1D531-8840-4F15-8066-A9788D8C398B}.Debug.Windows|x86.ActiveCfg = Debug|x86
		{3BF1D531-8840-4F15-8066-A9788D8C398B}.Debug.Windows|x86.Build.0 = Debug|x86
		{3BF1D531-8840-4F15-8066-A9788D8C398B}.Debug|Any CPU.ActiveCfg = Debug|Any CPU
		{3BF1D531-8840-4F15-8066-A9788D8C398B}.Debug|Any CPU.Build.0 = Debug|Any CPU
		{3BF1D531-8840-4F15-8066-A9788D8C398B}.Debug|x64.ActiveCfg = Debug|x64
		{3BF1D531-8840-4F15-8066-A9788D8C398B}.Debug|x64.Build.0 = Debug|x64
		{3BF1D531-8840-4F15-8066-A9788D8C398B}.Debug|x86.ActiveCfg = Debug|x86
		{3BF1D531-8840-4F15-8066-A9788D8C398B}.Debug|x86.Build.0 = Debug|x86
		{3BF1D531-8840-4F15-8066-A9788D8C398B}.Release.Linux|Any CPU.ActiveCfg = Release|Any CPU
		{3BF1D531-8840-4F15-8066-A9788D8C398B}.Release.Linux|Any CPU.Build.0 = Release|Any CPU
		{3BF1D531-8840-4F15-8066-A9788D8C398B}.Release.Linux|x64.ActiveCfg = Release|x64
		{3BF1D531-8840-4F15-8066-A9788D8C398B}.Release.Linux|x64.Build.0 = Release|x64
		{3BF1D531-8840-4F15-8066-A9788D8C398B}.Release.Linux|x86.ActiveCfg = Release|x86
		{3BF1D531-8840-4F15-8066-A9788D8C398B}.Release.Linux|x86.Build.0 = Release|x86
		{3BF1D531-8840-4F15-8066-A9788D8C398B}.Release.Windows|Any CPU.ActiveCfg = Release|Any CPU
		{3BF1D531-8840-4F15-8066-A9788D8C398B}.Release.Windows|Any CPU.Build.0 = Release|Any CPU
		{3BF1D531-8840-4F15-8066-A9788D8C398B}.Release.Windows|x64.ActiveCfg = Release|x64
		{3BF1D531-8840-4F15-8066-A9788D8C398B}.Release.Windows|x64.Build.0 = Release|x64
		{3BF1D531-8840-4F15-8066-A9788D8C398B}.Release.Windows|x86.ActiveCfg = Release|x86
		{3BF1D531-8840-4F15-8066-A9788D8C398B}.Release.Windows|x86.Build.0 = Release|x86
		{3BF1D531-8840-4F15-8066-A9788D8C398B}.Release|Any CPU.ActiveCfg = Release|Any CPU
		{3BF1D531-8840-4F15-8066-A9788D8C398B}.Release|Any CPU.Build.0 = Release|Any CPU
		{3BF1D531-8840-4F15-8066-A9788D8C398B}.Release|x64.ActiveCfg = Release|x64
		{3BF1D531-8840-4F15-8066-A9788D8C398B}.Release|x64.Build.0 = Release|x64
		{3BF1D531-8840-4F15-8066-A9788D8C398B}.Release|x86.ActiveCfg = Release|x86
		{3BF1D531-8840-4F15-8066-A9788D8C398B}.Release|x86.Build.0 = Release|x86
	EndGlobalSection
	GlobalSection(SolutionProperties) = preSolution
		HideSolutionNode = FALSE
	EndGlobalSection
	GlobalSection(NestedProjects) = preSolution
		{6A401FDF-4939-4623-8AE6-A3CD6E250ABD} = {DD39D4D9-52B4-47A7-86BF-ECB8D136D767}
		{E020C043-7427-4718-B336-AA8BE4B22F27} = {DD39D4D9-52B4-47A7-86BF-ECB8D136D767}
		{54D3873E-4CF9-4099-97C8-9AF557F724A3} = {DD39D4D9-52B4-47A7-86BF-ECB8D136D767}
		{1FF35342-ABC9-4AE1-8D80-ACA74022A87D} = {593C5B50-52E6-436D-9BF2-93E220984E45}
		{233143AD-EDF8-49C4-B69D-2D1EBF58B82E} = {C16F05EE-1871-41EC-BB3A-DC834EF47533}
		{3C49A7E8-1708-4930-B741-8648848EC084} = {C16F05EE-1871-41EC-BB3A-DC834EF47533}
		{E3F245DB-8EF6-4CC8-8BF8-9DFFAA2FA7BA} = {DD39D4D9-52B4-47A7-86BF-ECB8D136D767}
		{9D6694C5-DA35-4834-9C56-511A73E91520} = {DD39D4D9-52B4-47A7-86BF-ECB8D136D767}
		{F6757CA8-3AA4-4C74-A94B-A80265BC9BC3} = {DD39D4D9-52B4-47A7-86BF-ECB8D136D767}
		{04EC04F9-AA1F-494D-86A7-033DB42D9EBA} = {C16F05EE-1871-41EC-BB3A-DC834EF47533}
		{3BF1D531-8840-4F15-8066-A9788D8C398B} = {C16F05EE-1871-41EC-BB3A-DC834EF47533}
	EndGlobalSection
EndGlobal
