
Microsoft Visual Studio Solution File, Format Version 12.00
# Visual Studio 2013
VisualStudioVersion = 12.0.31101.0
MinimumVisualStudioVersion = 10.0.40219.1
Project("{FAE04EC0-301F-11D3-BF4B-00C04F79EFBC}") = "WinFormCario", "WinFormCario\WinFormCario.csproj", "{F0FCED91-2854-48F9-98FB-7DE01E35445A}"
EndProject
Project("{FAE04EC0-301F-11D3-BF4B-00C04F79EFBC}") = "Win32", "Win32\Win32.csproj", "{CD930E1E-48FF-4A0E-A753-CB4ACCE995BE}"
EndProject
Project("{FAE04EC0-301F-11D3-BF4B-00C04F79EFBC}") = "IMGUIDemo", "IMGUIDemo\IMGUIDemo.csproj", "{6A401FDF-4939-4623-8AE6-A3CD6E250ABD}"
	ProjectSection(ProjectDependencies) = postProject
		{495935C7-70A3-40E3-93CD-1CEBBD591B99} = {495935C7-70A3-40E3-93CD-1CEBBD591B99}
	EndProjectSection
EndProject
Project("{FAE04EC0-301F-11D3-BF4B-00C04F79EFBC}") = "Test", "Test\Test.csproj", "{0563CB4A-D41D-44E0-A259-84B29D9AFC61}"
EndProject
Project("{2150E333-8FDC-42A3-9474-1A3956D46DE8}") = "Demos", "Demos", "{DD39D4D9-52B4-47A7-86BF-ECB8D136D767}"
EndProject
Project("{FAE04EC0-301F-11D3-BF4B-00C04F79EFBC}") = "IMGUI", "IMGUI\IMGUI.csproj", "{495935C7-70A3-40E3-93CD-1CEBBD591B99}"
EndProject
Project("{FAE04EC0-301F-11D3-BF4B-00C04F79EFBC}") = "IMGUIDemo_TextBox", "IMGUIDemo_TextBox\IMGUIDemo_TextBox.csproj", "{E020C043-7427-4718-B336-AA8BE4B22F27}"
EndProject
Project("{2150E333-8FDC-42A3-9474-1A3956D46DE8}") = "ProjectTemplate", "ProjectTemplate", "{593C5B50-52E6-436D-9BF2-93E220984E45}"
EndProject
Project("{FAE04EC0-301F-11D3-BF4B-00C04F79EFBC}") = "IMGUIDemo_HiveGirdButon", "IMGUIDemo_HiveGirdButon\IMGUIDemo_HiveGirdButon.csproj", "{54D3873E-4CF9-4099-97C8-9AF557F724A3}"
EndProject
Project("{FAE04EC0-301F-11D3-BF4B-00C04F79EFBC}") = "IMGUIProjectTemplate", "IMGUIProjectTemplate\IMGUIProjectTemplate.csproj", "{1FF35342-ABC9-4AE1-8D80-ACA74022A87D}"
EndProject
Project("{FAE04EC0-301F-11D3-BF4B-00C04F79EFBC}") = "DwriteCairo", "..\ZWCloud.DwriteCairo\DwriteCairo\DwriteCairo.csproj", "{233143AD-EDF8-49C4-B69D-2D1EBF58B82E}"
EndProject
Project("{FAE04EC0-301F-11D3-BF4B-00C04F79EFBC}") = "Cairo", "..\ZWCloud.Cairo\Cairo\Cairo.csproj", "{3C49A7E8-1708-4930-B741-8648848EC084}"
EndProject
Global
	GlobalSection(SubversionScc) = preSolution
		Svn-Managed = True
		Manager = AnkhSVN - Subversion Support for Visual Studio
	EndGlobalSection
	GlobalSection(SolutionConfigurationPlatforms) = preSolution
		Debug|Any CPU = Debug|Any CPU
		Debug|x64 = Debug|x64
		Debug|x86 = Debug|x86
		Release|Any CPU = Release|Any CPU
		Release|x64 = Release|x64
		Release|x86 = Release|x86
	EndGlobalSection
	GlobalSection(ProjectConfigurationPlatforms) = postSolution
		{F0FCED91-2854-48F9-98FB-7DE01E35445A}.Debug|Any CPU.ActiveCfg = Debug|Any CPU
		{F0FCED91-2854-48F9-98FB-7DE01E35445A}.Debug|Any CPU.Build.0 = Debug|Any CPU
		{F0FCED91-2854-48F9-98FB-7DE01E35445A}.Debug|x64.ActiveCfg = Debug|x64
		{F0FCED91-2854-48F9-98FB-7DE01E35445A}.Debug|x64.Build.0 = Debug|x64
		{F0FCED91-2854-48F9-98FB-7DE01E35445A}.Debug|x86.ActiveCfg = Debug|x86
		{F0FCED91-2854-48F9-98FB-7DE01E35445A}.Debug|x86.Build.0 = Debug|x86
		{F0FCED91-2854-48F9-98FB-7DE01E35445A}.Release|Any CPU.ActiveCfg = Release|Any CPU
		{F0FCED91-2854-48F9-98FB-7DE01E35445A}.Release|Any CPU.Build.0 = Release|Any CPU
		{F0FCED91-2854-48F9-98FB-7DE01E35445A}.Release|x64.ActiveCfg = Release|x64
		{F0FCED91-2854-48F9-98FB-7DE01E35445A}.Release|x64.Build.0 = Release|x64
		{F0FCED91-2854-48F9-98FB-7DE01E35445A}.Release|x86.ActiveCfg = Release|x86
		{F0FCED91-2854-48F9-98FB-7DE01E35445A}.Release|x86.Build.0 = Release|x86
		{CD930E1E-48FF-4A0E-A753-CB4ACCE995BE}.Debug|Any CPU.ActiveCfg = Debug|Any CPU
		{CD930E1E-48FF-4A0E-A753-CB4ACCE995BE}.Debug|Any CPU.Build.0 = Debug|Any CPU
		{CD930E1E-48FF-4A0E-A753-CB4ACCE995BE}.Debug|x64.ActiveCfg = Debug|x64
		{CD930E1E-48FF-4A0E-A753-CB4ACCE995BE}.Debug|x64.Build.0 = Debug|x64
		{CD930E1E-48FF-4A0E-A753-CB4ACCE995BE}.Debug|x86.ActiveCfg = Debug|x86
		{CD930E1E-48FF-4A0E-A753-CB4ACCE995BE}.Debug|x86.Build.0 = Debug|x86
		{CD930E1E-48FF-4A0E-A753-CB4ACCE995BE}.Release|Any CPU.ActiveCfg = Release|Any CPU
		{CD930E1E-48FF-4A0E-A753-CB4ACCE995BE}.Release|Any CPU.Build.0 = Release|Any CPU
		{CD930E1E-48FF-4A0E-A753-CB4ACCE995BE}.Release|x64.ActiveCfg = Release|x64
		{CD930E1E-48FF-4A0E-A753-CB4ACCE995BE}.Release|x64.Build.0 = Release|x64
		{CD930E1E-48FF-4A0E-A753-CB4ACCE995BE}.Release|x86.ActiveCfg = Release|x86
		{CD930E1E-48FF-4A0E-A753-CB4ACCE995BE}.Release|x86.Build.0 = Release|x86
		{6A401FDF-4939-4623-8AE6-A3CD6E250ABD}.Debug|Any CPU.ActiveCfg = Debug|Any CPU
		{6A401FDF-4939-4623-8AE6-A3CD6E250ABD}.Debug|Any CPU.Build.0 = Debug|Any CPU
		{6A401FDF-4939-4623-8AE6-A3CD6E250ABD}.Debug|x64.ActiveCfg = Debug|x64
		{6A401FDF-4939-4623-8AE6-A3CD6E250ABD}.Debug|x64.Build.0 = Debug|x64
		{6A401FDF-4939-4623-8AE6-A3CD6E250ABD}.Debug|x86.ActiveCfg = Debug|x86
		{6A401FDF-4939-4623-8AE6-A3CD6E250ABD}.Debug|x86.Build.0 = Debug|x86
		{6A401FDF-4939-4623-8AE6-A3CD6E250ABD}.Release|Any CPU.ActiveCfg = Release|Any CPU
		{6A401FDF-4939-4623-8AE6-A3CD6E250ABD}.Release|Any CPU.Build.0 = Release|Any CPU
		{6A401FDF-4939-4623-8AE6-A3CD6E250ABD}.Release|x64.ActiveCfg = Release|x64
		{6A401FDF-4939-4623-8AE6-A3CD6E250ABD}.Release|x64.Build.0 = Release|x64
		{6A401FDF-4939-4623-8AE6-A3CD6E250ABD}.Release|x86.ActiveCfg = Release|x86
		{6A401FDF-4939-4623-8AE6-A3CD6E250ABD}.Release|x86.Build.0 = Release|x86
		{0563CB4A-D41D-44E0-A259-84B29D9AFC61}.Debug|Any CPU.ActiveCfg = Debug|Any CPU
		{0563CB4A-D41D-44E0-A259-84B29D9AFC61}.Debug|Any CPU.Build.0 = Debug|Any CPU
		{0563CB4A-D41D-44E0-A259-84B29D9AFC61}.Debug|x64.ActiveCfg = Debug|x64
		{0563CB4A-D41D-44E0-A259-84B29D9AFC61}.Debug|x64.Build.0 = Debug|x64
		{0563CB4A-D41D-44E0-A259-84B29D9AFC61}.Debug|x86.ActiveCfg = Debug|x86
		{0563CB4A-D41D-44E0-A259-84B29D9AFC61}.Debug|x86.Build.0 = Debug|x86
		{0563CB4A-D41D-44E0-A259-84B29D9AFC61}.Release|Any CPU.ActiveCfg = Release|Any CPU
		{0563CB4A-D41D-44E0-A259-84B29D9AFC61}.Release|Any CPU.Build.0 = Release|Any CPU
		{0563CB4A-D41D-44E0-A259-84B29D9AFC61}.Release|x64.ActiveCfg = Release|x64
		{0563CB4A-D41D-44E0-A259-84B29D9AFC61}.Release|x64.Build.0 = Release|x64
		{0563CB4A-D41D-44E0-A259-84B29D9AFC61}.Release|x86.ActiveCfg = Release|x86
		{0563CB4A-D41D-44E0-A259-84B29D9AFC61}.Release|x86.Build.0 = Release|x86
		{495935C7-70A3-40E3-93CD-1CEBBD591B99}.Debug|Any CPU.ActiveCfg = Debug|Any CPU
		{495935C7-70A3-40E3-93CD-1CEBBD591B99}.Debug|Any CPU.Build.0 = Debug|Any CPU
		{495935C7-70A3-40E3-93CD-1CEBBD591B99}.Debug|x64.ActiveCfg = Debug|x64
		{495935C7-70A3-40E3-93CD-1CEBBD591B99}.Debug|x64.Build.0 = Debug|x64
		{495935C7-70A3-40E3-93CD-1CEBBD591B99}.Debug|x86.ActiveCfg = Debug|x86
		{495935C7-70A3-40E3-93CD-1CEBBD591B99}.Debug|x86.Build.0 = Debug|x86
		{495935C7-70A3-40E3-93CD-1CEBBD591B99}.Release|Any CPU.ActiveCfg = Release|Any CPU
		{495935C7-70A3-40E3-93CD-1CEBBD591B99}.Release|Any CPU.Build.0 = Release|Any CPU
		{495935C7-70A3-40E3-93CD-1CEBBD591B99}.Release|x64.ActiveCfg = Release|x64
		{495935C7-70A3-40E3-93CD-1CEBBD591B99}.Release|x64.Build.0 = Release|x64
		{495935C7-70A3-40E3-93CD-1CEBBD591B99}.Release|x86.ActiveCfg = Release|x86
		{495935C7-70A3-40E3-93CD-1CEBBD591B99}.Release|x86.Build.0 = Release|x86
		{E020C043-7427-4718-B336-AA8BE4B22F27}.Debug|Any CPU.ActiveCfg = Debug|Any CPU
		{E020C043-7427-4718-B336-AA8BE4B22F27}.Debug|Any CPU.Build.0 = Debug|Any CPU
		{E020C043-7427-4718-B336-AA8BE4B22F27}.Debug|x64.ActiveCfg = Debug|x64
		{E020C043-7427-4718-B336-AA8BE4B22F27}.Debug|x64.Build.0 = Debug|x64
		{E020C043-7427-4718-B336-AA8BE4B22F27}.Debug|x86.ActiveCfg = Debug|x86
		{E020C043-7427-4718-B336-AA8BE4B22F27}.Debug|x86.Build.0 = Debug|x86
		{E020C043-7427-4718-B336-AA8BE4B22F27}.Release|Any CPU.ActiveCfg = Release|Any CPU
		{E020C043-7427-4718-B336-AA8BE4B22F27}.Release|Any CPU.Build.0 = Release|Any CPU
		{E020C043-7427-4718-B336-AA8BE4B22F27}.Release|x64.ActiveCfg = Release|x64
		{E020C043-7427-4718-B336-AA8BE4B22F27}.Release|x64.Build.0 = Release|x64
		{E020C043-7427-4718-B336-AA8BE4B22F27}.Release|x86.ActiveCfg = Release|x86
		{E020C043-7427-4718-B336-AA8BE4B22F27}.Release|x86.Build.0 = Release|x86
		{54D3873E-4CF9-4099-97C8-9AF557F724A3}.Debug|Any CPU.ActiveCfg = Debug|Any CPU
		{54D3873E-4CF9-4099-97C8-9AF557F724A3}.Debug|Any CPU.Build.0 = Debug|Any CPU
		{54D3873E-4CF9-4099-97C8-9AF557F724A3}.Debug|x64.ActiveCfg = Debug|x64
		{54D3873E-4CF9-4099-97C8-9AF557F724A3}.Debug|x64.Build.0 = Debug|x64
		{54D3873E-4CF9-4099-97C8-9AF557F724A3}.Debug|x86.ActiveCfg = Debug|x86
		{54D3873E-4CF9-4099-97C8-9AF557F724A3}.Debug|x86.Build.0 = Debug|x86
		{54D3873E-4CF9-4099-97C8-9AF557F724A3}.Release|Any CPU.ActiveCfg = Release|Any CPU
		{54D3873E-4CF9-4099-97C8-9AF557F724A3}.Release|Any CPU.Build.0 = Release|Any CPU
		{54D3873E-4CF9-4099-97C8-9AF557F724A3}.Release|x64.ActiveCfg = Release|x64
		{54D3873E-4CF9-4099-97C8-9AF557F724A3}.Release|x64.Build.0 = Release|x64
		{54D3873E-4CF9-4099-97C8-9AF557F724A3}.Release|x86.ActiveCfg = Release|x86
		{54D3873E-4CF9-4099-97C8-9AF557F724A3}.Release|x86.Build.0 = Release|x86
		{1FF35342-ABC9-4AE1-8D80-ACA74022A87D}.Debug|Any CPU.ActiveCfg = Debug|Any CPU
		{1FF35342-ABC9-4AE1-8D80-ACA74022A87D}.Debug|Any CPU.Build.0 = Debug|Any CPU
		{1FF35342-ABC9-4AE1-8D80-ACA74022A87D}.Debug|x64.ActiveCfg = Debug|x64
		{1FF35342-ABC9-4AE1-8D80-ACA74022A87D}.Debug|x64.Build.0 = Debug|x64
		{1FF35342-ABC9-4AE1-8D80-ACA74022A87D}.Debug|x86.ActiveCfg = Debug|x86
		{1FF35342-ABC9-4AE1-8D80-ACA74022A87D}.Debug|x86.Build.0 = Debug|x86
		{1FF35342-ABC9-4AE1-8D80-ACA74022A87D}.Release|Any CPU.ActiveCfg = Release|Any CPU
		{1FF35342-ABC9-4AE1-8D80-ACA74022A87D}.Release|Any CPU.Build.0 = Release|Any CPU
		{1FF35342-ABC9-4AE1-8D80-ACA74022A87D}.Release|x64.ActiveCfg = Release|x64
		{1FF35342-ABC9-4AE1-8D80-ACA74022A87D}.Release|x64.Build.0 = Release|x64
		{1FF35342-ABC9-4AE1-8D80-ACA74022A87D}.Release|x86.ActiveCfg = Release|x86
		{1FF35342-ABC9-4AE1-8D80-ACA74022A87D}.Release|x86.Build.0 = Release|x86
		{233143AD-EDF8-49C4-B69D-2D1EBF58B82E}.Debug|Any CPU.ActiveCfg = Debug|Any CPU
		{233143AD-EDF8-49C4-B69D-2D1EBF58B82E}.Debug|Any CPU.Build.0 = Debug|Any CPU
		{233143AD-EDF8-49C4-B69D-2D1EBF58B82E}.Debug|x64.ActiveCfg = Debug|x64
		{233143AD-EDF8-49C4-B69D-2D1EBF58B82E}.Debug|x64.Build.0 = Debug|x64
		{233143AD-EDF8-49C4-B69D-2D1EBF58B82E}.Debug|x86.ActiveCfg = Debug|Any CPU
		{233143AD-EDF8-49C4-B69D-2D1EBF58B82E}.Release|Any CPU.ActiveCfg = Release|Any CPU
		{233143AD-EDF8-49C4-B69D-2D1EBF58B82E}.Release|Any CPU.Build.0 = Release|Any CPU
		{233143AD-EDF8-49C4-B69D-2D1EBF58B82E}.Release|x64.ActiveCfg = Release|x64
		{233143AD-EDF8-49C4-B69D-2D1EBF58B82E}.Release|x64.Build.0 = Release|x64
		{233143AD-EDF8-49C4-B69D-2D1EBF58B82E}.Release|x86.ActiveCfg = Release|Any CPU
		{3C49A7E8-1708-4930-B741-8648848EC084}.Debug|Any CPU.ActiveCfg = Debug|Any CPU
		{3C49A7E8-1708-4930-B741-8648848EC084}.Debug|Any CPU.Build.0 = Debug|Any CPU
		{3C49A7E8-1708-4930-B741-8648848EC084}.Debug|x64.ActiveCfg = Debug|x64
		{3C49A7E8-1708-4930-B741-8648848EC084}.Debug|x64.Build.0 = Debug|x64
		{3C49A7E8-1708-4930-B741-8648848EC084}.Debug|x86.ActiveCfg = Debug|x86
		{3C49A7E8-1708-4930-B741-8648848EC084}.Debug|x86.Build.0 = Debug|x86
		{3C49A7E8-1708-4930-B741-8648848EC084}.Release|Any CPU.ActiveCfg = Release|Any CPU
		{3C49A7E8-1708-4930-B741-8648848EC084}.Release|Any CPU.Build.0 = Release|Any CPU
		{3C49A7E8-1708-4930-B741-8648848EC084}.Release|x64.ActiveCfg = Release|x64
		{3C49A7E8-1708-4930-B741-8648848EC084}.Release|x64.Build.0 = Release|x64
		{3C49A7E8-1708-4930-B741-8648848EC084}.Release|x86.ActiveCfg = Release|x86
		{3C49A7E8-1708-4930-B741-8648848EC084}.Release|x86.Build.0 = Release|x86
	EndGlobalSection
	GlobalSection(SolutionProperties) = preSolution
		HideSolutionNode = FALSE
	EndGlobalSection
	GlobalSection(NestedProjects) = preSolution
		{6A401FDF-4939-4623-8AE6-A3CD6E250ABD} = {DD39D4D9-52B4-47A7-86BF-ECB8D136D767}
		{E020C043-7427-4718-B336-AA8BE4B22F27} = {DD39D4D9-52B4-47A7-86BF-ECB8D136D767}
		{54D3873E-4CF9-4099-97C8-9AF557F724A3} = {DD39D4D9-52B4-47A7-86BF-ECB8D136D767}
		{1FF35342-ABC9-4AE1-8D80-ACA74022A87D} = {593C5B50-52E6-436D-9BF2-93E220984E45}
	EndGlobalSection
EndGlobal
